// !$*UTF8*$!
{
	archiveVersion = 1;
	classes = {
	};
	objectVersion = 46;
	objects = {

/* Begin PBXBuildFile section */
		1E136B9D1DC8DA55005C8EA0 /* ATGradients.m in Sources */ = {isa = PBXBuildFile; fileRef = 1E136B9A1DC8DA55005C8EA0 /* ATGradients.m */; };
		1E136B9E1DC8DA55005C8EA0 /* ATColors.m in Sources */ = {isa = PBXBuildFile; fileRef = 1E136B9C1DC8DA55005C8EA0 /* ATColors.m */; };
		1E136BDB1DC8E4D8005C8EA0 /* Bolts.framework in Frameworks */ = {isa = PBXBuildFile; fileRef = 1E136BD51DC8E4D8005C8EA0 /* Bolts.framework */; };
		1E136BDC1DC8E4D8005C8EA0 /* Parse.framework in Frameworks */ = {isa = PBXBuildFile; fileRef = 1E136BD61DC8E4D8005C8EA0 /* Parse.framework */; };
		1E136BDD1DC8E4D8005C8EA0 /* ParseFacebookUtils.framework in Frameworks */ = {isa = PBXBuildFile; fileRef = 1E136BD71DC8E4D8005C8EA0 /* ParseFacebookUtils.framework */; };
		1E136BDE1DC8E4D8005C8EA0 /* ParseFacebookUtilsV4.framework in Frameworks */ = {isa = PBXBuildFile; fileRef = 1E136BD81DC8E4D8005C8EA0 /* ParseFacebookUtilsV4.framework */; };
		1E136BDF1DC8E4D9005C8EA0 /* ParseTwitterUtils.framework in Frameworks */ = {isa = PBXBuildFile; fileRef = 1E136BD91DC8E4D8005C8EA0 /* ParseTwitterUtils.framework */; };
		1E136BE01DC8E4D9005C8EA0 /* ParseUI.framework in Frameworks */ = {isa = PBXBuildFile; fileRef = 1E136BDA1DC8E4D8005C8EA0 /* ParseUI.framework */; };
		1E136BEF1DC8E591005C8EA0 /* SinchVerification.framework in Frameworks */ = {isa = PBXBuildFile; fileRef = 1E136BEE1DC8E591005C8EA0 /* SinchVerification.framework */; };
		1E16AA3D1DC8E6D70013B09D /* AudioToolbox.framework in Frameworks */ = {isa = PBXBuildFile; fileRef = 1EE4D4251DC15D1B00943921 /* AudioToolbox.framework */; };
		1E16AA3E1DC8E6DF0013B09D /* CFNetwork.framework in Frameworks */ = {isa = PBXBuildFile; fileRef = 1EE4D4241DC15D1B00943921 /* CFNetwork.framework */; };
		1E16AA3F1DC8E6E60013B09D /* CoreGraphics.framework in Frameworks */ = {isa = PBXBuildFile; fileRef = 1EE4D4231DC15D1B00943921 /* CoreGraphics.framework */; };
		1E16AA401DC8E6EB0013B09D /* CoreLocation.framework in Frameworks */ = {isa = PBXBuildFile; fileRef = 1E136BEB1DC8E561005C8EA0 /* CoreLocation.framework */; };
		1E16AA411DC8E6F20013B09D /* QuartzCore.framework in Frameworks */ = {isa = PBXBuildFile; fileRef = 1EE4D4211DC15D1B00943921 /* QuartzCore.framework */; };
		1E16AA421DC8E6F90013B09D /* Security.framework in Frameworks */ = {isa = PBXBuildFile; fileRef = 1EE4D4201DC15D1B00943921 /* Security.framework */; };
		1E16AA441DC8E6FF0013B09D /* StoreKit.framework in Frameworks */ = {isa = PBXBuildFile; fileRef = 1E16AA431DC8E6FE0013B09D /* StoreKit.framework */; };
		1E16AA451DC8E7050013B09D /* SystemConfiguration.framework in Frameworks */ = {isa = PBXBuildFile; fileRef = 1EE4D4271DC15D1B00943921 /* SystemConfiguration.framework */; };
		1E16AA471DC8E70D0013B09D /* libz.tbd in Frameworks */ = {isa = PBXBuildFile; fileRef = 1E16AA461DC8E70D0013B09D /* libz.tbd */; };
		1E16AA491DC8E7160013B09D /* libsqlite3.tbd in Frameworks */ = {isa = PBXBuildFile; fileRef = 1E16AA481DC8E7160013B09D /* libsqlite3.tbd */; };
		1E16AA4C1DC92CEA0013B09D /* HomeVC.m in Sources */ = {isa = PBXBuildFile; fileRef = 1E16AA4B1DC92CEA0013B09D /* HomeVC.m */; };
		1E16AA4F1DC92FD40013B09D /* AppConfigs.m in Sources */ = {isa = PBXBuildFile; fileRef = 1E16AA4E1DC92FD40013B09D /* AppConfigs.m */; };
		1E16AA521DC934C50013B09D /* InConstructionVC.m in Sources */ = {isa = PBXBuildFile; fileRef = 1E16AA511DC934C50013B09D /* InConstructionVC.m */; };
		1E33E1131DD4B1DE00124910 /* ScoutingCell.m in Sources */ = {isa = PBXBuildFile; fileRef = 1E33E1121DD4B1DE00124910 /* ScoutingCell.m */; };
		1E33E1161DD4B21A00124910 /* ScoutingMatchView.m in Sources */ = {isa = PBXBuildFile; fileRef = 1E33E1151DD4B21A00124910 /* ScoutingMatchView.m */; };
		1E33E1191DD4B22600124910 /* ScoutingDetailView.m in Sources */ = {isa = PBXBuildFile; fileRef = 1E33E1181DD4B22600124910 /* ScoutingDetailView.m */; };
		1E37B8731DC8CA890048139D /* SignInVC.m in Sources */ = {isa = PBXBuildFile; fileRef = 1E37B8721DC8CA890048139D /* SignInVC.m */; };
		1E42685C1E291FC200AA725F /* ParseDB.m in Sources */ = {isa = PBXBuildFile; fileRef = 1E42685B1E291FC200AA725F /* ParseDB.m */; };
		1E447E681DD226BC0045E23D /* GSScoutingTableVC.m in Sources */ = {isa = PBXBuildFile; fileRef = 1E447E671DD226BC0045E23D /* GSScoutingTableVC.m */; };
		1E447E701DD226F90045E23D /* FontInspector.m in Sources */ = {isa = PBXBuildFile; fileRef = 1E447E6A1DD226F90045E23D /* FontInspector.m */; };
		1E447E711DD226F90045E23D /* ionicons.bundle in Resources */ = {isa = PBXBuildFile; fileRef = 1E447E6C1DD226F90045E23D /* ionicons.bundle */; };
		1E447E721DD226F90045E23D /* IonIcons.m in Sources */ = {isa = PBXBuildFile; fileRef = 1E447E6E1DD226F90045E23D /* IonIcons.m */; };
		1E447E731DD226F90045E23D /* ionicons.ttf in Resources */ = {isa = PBXBuildFile; fileRef = 1E447E6F1DD226F90045E23D /* ionicons.ttf */; };
		1E447E761DD22A690045E23D /* GSScoutingCell.m in Sources */ = {isa = PBXBuildFile; fileRef = 1E447E751DD22A690045E23D /* GSScoutingCell.m */; };
		1E574C2B1DC7946A00889A15 /* construction.png in Resources */ = {isa = PBXBuildFile; fileRef = 1E574C2A1DC7946A00889A15 /* construction.png */; };
		1E60B3CC1DD6028C001147A6 /* MoreVC.m in Sources */ = {isa = PBXBuildFile; fileRef = 1E60B3CB1DD6028C001147A6 /* MoreVC.m */; };
		1E7960231E29A8DF0020C781 /* DBAnalytics.m in Sources */ = {isa = PBXBuildFile; fileRef = 1E7960221E29A8DF0020C781 /* DBAnalytics.m */; };
		1E7BE6131E248BCD00C40153 /* main.m in Sources */ = {isa = PBXBuildFile; fileRef = 1E7BE6121E248BCD00C40153 /* main.m */; };
		1E7BE6161E248BCD00C40153 /* AppDelegate.m in Sources */ = {isa = PBXBuildFile; fileRef = 1E7BE6151E248BCD00C40153 /* AppDelegate.m */; };
		1E7BE6191E248BCD00C40153 /* ViewController.m in Sources */ = {isa = PBXBuildFile; fileRef = 1E7BE6181E248BCD00C40153 /* ViewController.m */; };
		1E7BE61C1E248BCD00C40153 /* Main.storyboard in Resources */ = {isa = PBXBuildFile; fileRef = 1E7BE61A1E248BCD00C40153 /* Main.storyboard */; };
		1E7BE61E1E248BCD00C40153 /* Assets.xcassets in Resources */ = {isa = PBXBuildFile; fileRef = 1E7BE61D1E248BCD00C40153 /* Assets.xcassets */; };
		1E7BE6291E248BCE00C40153 /* tvViewerTests.m in Sources */ = {isa = PBXBuildFile; fileRef = 1E7BE6281E248BCE00C40153 /* tvViewerTests.m */; };
		1E7BE6341E248BCE00C40153 /* tvViewerUITests.m in Sources */ = {isa = PBXBuildFile; fileRef = 1E7BE6331E248BCE00C40153 /* tvViewerUITests.m */; };
		1E7BE63F1E248BEB00C40153 /* SinchVerification.framework in Frameworks */ = {isa = PBXBuildFile; fileRef = 1E136BEE1DC8E591005C8EA0 /* SinchVerification.framework */; };
		1E7BE6401E248BEE00C40153 /* Bolts.framework in Frameworks */ = {isa = PBXBuildFile; fileRef = 1E136BD51DC8E4D8005C8EA0 /* Bolts.framework */; };
		1E7BE6411E248BF200C40153 /* Parse.framework in Frameworks */ = {isa = PBXBuildFile; fileRef = 1E136BD61DC8E4D8005C8EA0 /* Parse.framework */; };
		1E7BE6421E248BF500C40153 /* ParseFacebookUtils.framework in Frameworks */ = {isa = PBXBuildFile; fileRef = 1E136BD71DC8E4D8005C8EA0 /* ParseFacebookUtils.framework */; };
		1E7BE6431E248BF700C40153 /* ParseFacebookUtilsV4.framework in Frameworks */ = {isa = PBXBuildFile; fileRef = 1E136BD81DC8E4D8005C8EA0 /* ParseFacebookUtilsV4.framework */; };
		1E7BE6441E248BFA00C40153 /* ParseTwitterUtils.framework in Frameworks */ = {isa = PBXBuildFile; fileRef = 1E136BD91DC8E4D8005C8EA0 /* ParseTwitterUtils.framework */; };
		1E7BE6451E248BFD00C40153 /* ParseUI.framework in Frameworks */ = {isa = PBXBuildFile; fileRef = 1E136BDA1DC8E4D8005C8EA0 /* ParseUI.framework */; };
		1E7BE6461E248C0600C40153 /* libsqlite3.dylib in Frameworks */ = {isa = PBXBuildFile; fileRef = 1E136BB11DC8E446005C8EA0 /* libsqlite3.dylib */; };
		1E7BE6471E248C0600C40153 /* libz.1.dylib in Frameworks */ = {isa = PBXBuildFile; fileRef = 1E136BB21DC8E446005C8EA0 /* libz.1.dylib */; };
		1E7BE6481E248C0600C40153 /* libicucore.A.dylib in Frameworks */ = {isa = PBXBuildFile; fileRef = 1E136BB31DC8E446005C8EA0 /* libicucore.A.dylib */; };
		1E7BE6491E248C0600C40153 /* libc++.1.dylib in Frameworks */ = {isa = PBXBuildFile; fileRef = 1E136BB41DC8E446005C8EA0 /* libc++.1.dylib */; };
		1E7BE64A1E248C0600C40153 /* Accounts.framework in Frameworks */ = {isa = PBXBuildFile; fileRef = 1E136BB51DC8E446005C8EA0 /* Accounts.framework */; };
		1E7BE64B1E248C0600C40153 /* CoreData.framework in Frameworks */ = {isa = PBXBuildFile; fileRef = 1E136BB61DC8E446005C8EA0 /* CoreData.framework */; };
		1E7BE64C1E248C0600C40153 /* AddressBook.framework in Frameworks */ = {isa = PBXBuildFile; fileRef = 1E136BB71DC8E446005C8EA0 /* AddressBook.framework */; };
		1E7BE64D1E248C0600C40153 /* SafariServices.framework in Frameworks */ = {isa = PBXBuildFile; fileRef = 1E136BB81DC8E446005C8EA0 /* SafariServices.framework */; };
		1E7BE64E1E248C0D00C40153 /* MapKit.framework in Frameworks */ = {isa = PBXBuildFile; fileRef = 1EE4D41D1DC15D1B00943921 /* MapKit.framework */; };
		1E7BE64F1E248C0D00C40153 /* Security.framework in Frameworks */ = {isa = PBXBuildFile; fileRef = 1EE4D4201DC15D1B00943921 /* Security.framework */; };
		1E7BE6501E248C0D00C40153 /* QuartzCore.framework in Frameworks */ = {isa = PBXBuildFile; fileRef = 1EE4D4211DC15D1B00943921 /* QuartzCore.framework */; };
		1E7BE6511E248C0D00C40153 /* MobileCoreServices.framework in Frameworks */ = {isa = PBXBuildFile; fileRef = 1EE4D4221DC15D1B00943921 /* MobileCoreServices.framework */; };
		1E7BE6521E248C0D00C40153 /* CoreGraphics.framework in Frameworks */ = {isa = PBXBuildFile; fileRef = 1EE4D4231DC15D1B00943921 /* CoreGraphics.framework */; };
		1E7BE6531E248C0D00C40153 /* CFNetwork.framework in Frameworks */ = {isa = PBXBuildFile; fileRef = 1EE4D4241DC15D1B00943921 /* CFNetwork.framework */; };
		1E7BE6541E248C0D00C40153 /* AudioToolbox.framework in Frameworks */ = {isa = PBXBuildFile; fileRef = 1EE4D4251DC15D1B00943921 /* AudioToolbox.framework */; };
		1E7BE6551E248C0D00C40153 /* MessageUI.framework in Frameworks */ = {isa = PBXBuildFile; fileRef = 1EE4D4261DC15D1B00943921 /* MessageUI.framework */; };
		1E7BE6561E248C0D00C40153 /* SystemConfiguration.framework in Frameworks */ = {isa = PBXBuildFile; fileRef = 1EE4D4271DC15D1B00943921 /* SystemConfiguration.framework */; };
		1E7BE6581E248C3400C40153 /* raptorseye.png in Resources */ = {isa = PBXBuildFile; fileRef = 1ECC67D81DCA396200868393 /* raptorseye.png */; };
		1E7BE6591E248C3A00C40153 /* raptorslogonogear.png in Resources */ = {isa = PBXBuildFile; fileRef = 1EE4D4011DC15CC000943921 /* raptorslogonogear.png */; };
		1E7BE65A1E248C4200C40153 /* Orbitron-Black.ttf in Resources */ = {isa = PBXBuildFile; fileRef = 1EE4D4021DC15CC000943921 /* Orbitron-Black.ttf */; };
		1E7BE65B1E248C4400C40153 /* Orbitron-Bold.ttf in Resources */ = {isa = PBXBuildFile; fileRef = 1EE4D4031DC15CC000943921 /* Orbitron-Bold.ttf */; };
		1E7BE65C1E248C4700C40153 /* Orbitron-Medium.ttf in Resources */ = {isa = PBXBuildFile; fileRef = 1EE4D4041DC15CC000943921 /* Orbitron-Medium.ttf */; };
		1E7BE65D1E248C4900C40153 /* Orbitron-Regular.ttf in Resources */ = {isa = PBXBuildFile; fileRef = 1EE4D4051DC15CC000943921 /* Orbitron-Regular.ttf */; };
		1EC275031DD3CE0C00355915 /* ScoutingTableVC.m in Sources */ = {isa = PBXBuildFile; fileRef = 1EC275021DD3CE0C00355915 /* ScoutingTableVC.m */; };
		1ECC67D91DCA396200868393 /* raptorseye.png in Resources */ = {isa = PBXBuildFile; fileRef = 1ECC67D81DCA396200868393 /* raptorseye.png */; };
		1ECC67DB1DCA39B700868393 /* circle.png in Resources */ = {isa = PBXBuildFile; fileRef = 1ECC67DA1DCA39B700868393 /* circle.png */; };
		1ED13A491DD272960031E85C /* GSScoutingDetailVC.m in Sources */ = {isa = PBXBuildFile; fileRef = 1ED13A481DD272960031E85C /* GSScoutingDetailVC.m */; };
		1EE4D3991DC15AE700943921 /* main.m in Sources */ = {isa = PBXBuildFile; fileRef = 1EE4D3981DC15AE700943921 /* main.m */; };
		1EE4D39C1DC15AE700943921 /* AppDelegate.m in Sources */ = {isa = PBXBuildFile; fileRef = 1EE4D39B1DC15AE700943921 /* AppDelegate.m */; };
		1EE4D3A21DC15AE700943921 /* Main.storyboard in Resources */ = {isa = PBXBuildFile; fileRef = 1EE4D3A01DC15AE700943921 /* Main.storyboard */; };
		1EE4D3A71DC15AE700943921 /* LaunchScreen.storyboard in Resources */ = {isa = PBXBuildFile; fileRef = 1EE4D3A51DC15AE700943921 /* LaunchScreen.storyboard */; };
		1EE4D3B21DC15AE800943921 /* frc1711Tests.m in Sources */ = {isa = PBXBuildFile; fileRef = 1EE4D3B11DC15AE800943921 /* frc1711Tests.m */; };
		1EE4D3BD1DC15AE800943921 /* frc1711UITests.m in Sources */ = {isa = PBXBuildFile; fileRef = 1EE4D3BC1DC15AE800943921 /* frc1711UITests.m */; };
		1EE4D3DA1DC15B5F00943921 /* ATFRC.m in Sources */ = {isa = PBXBuildFile; fileRef = 1EE4D3CB1DC15B5F00943921 /* ATFRC.m */; };
		1EE4D3DB1DC15B5F00943921 /* ATFRCTeam.m in Sources */ = {isa = PBXBuildFile; fileRef = 1EE4D3CD1DC15B5F00943921 /* ATFRCTeam.m */; };
		1EE4D3DC1DC15B5F00943921 /* ATFRCEvent.m in Sources */ = {isa = PBXBuildFile; fileRef = 1EE4D3CF1DC15B5F00943921 /* ATFRCEvent.m */; };
		1EE4D3DD1DC15B5F00943921 /* ATFRCMatch.m in Sources */ = {isa = PBXBuildFile; fileRef = 1EE4D3D11DC15B5F00943921 /* ATFRCMatch.m */; };
		1EE4D3DE1DC15B5F00943921 /* ATFRCAwards.m in Sources */ = {isa = PBXBuildFile; fileRef = 1EE4D3D31DC15B5F00943921 /* ATFRCAwards.m */; };
		1EE4D3DF1DC15B5F00943921 /* ATFRCMedia.m in Sources */ = {isa = PBXBuildFile; fileRef = 1EE4D3D51DC15B5F00943921 /* ATFRCMedia.m */; };
		1EE4D3E01DC15B5F00943921 /* ATFRCRobot.m in Sources */ = {isa = PBXBuildFile; fileRef = 1EE4D3D71DC15B5F00943921 /* ATFRCRobot.m */; };
		1EE4D3E11DC15B5F00943921 /* ATFRCRankings.m in Sources */ = {isa = PBXBuildFile; fileRef = 1EE4D3D91DC15B5F00943921 /* ATFRCRankings.m */; };
		1EE4D3F51DC15C2500943921 /* DatabaseViewController.m in Sources */ = {isa = PBXBuildFile; fileRef = 1EE4D3E41DC15C2500943921 /* DatabaseViewController.m */; };
		1EE4D3F61DC15C2500943921 /* AllEventsViewController.m in Sources */ = {isa = PBXBuildFile; fileRef = 1EE4D3E61DC15C2500943921 /* AllEventsViewController.m */; };
		1EE4D3F71DC15C2500943921 /* EventViewController.m in Sources */ = {isa = PBXBuildFile; fileRef = 1EE4D3E81DC15C2500943921 /* EventViewController.m */; };
		1EE4D3F81DC15C2500943921 /* AllTeamsViewController.m in Sources */ = {isa = PBXBuildFile; fileRef = 1EE4D3EA1DC15C2500943921 /* AllTeamsViewController.m */; };
		1EE4D3F91DC15C2500943921 /* TeamViewController.m in Sources */ = {isa = PBXBuildFile; fileRef = 1EE4D3EC1DC15C2500943921 /* TeamViewController.m */; };
		1EE4D3FA1DC15C2500943921 /* CollectionViewCell.m in Sources */ = {isa = PBXBuildFile; fileRef = 1EE4D3EE1DC15C2500943921 /* CollectionViewCell.m */; };
		1EE4D3FB1DC15C2500943921 /* FavoritesTableViewController.m in Sources */ = {isa = PBXBuildFile; fileRef = 1EE4D3F01DC15C2500943921 /* FavoritesTableViewController.m */; };
		1EE4D3FC1DC15C2500943921 /* RankingsTableViewController.m in Sources */ = {isa = PBXBuildFile; fileRef = 1EE4D3F21DC15C2500943921 /* RankingsTableViewController.m */; };
		1EE4D3FD1DC15C2500943921 /* TableViewCell.m in Sources */ = {isa = PBXBuildFile; fileRef = 1EE4D3F41DC15C2500943921 /* TableViewCell.m */; };
		1EE4D4071DC15CC000943921 /* raptorslogonogear.png in Resources */ = {isa = PBXBuildFile; fileRef = 1EE4D4011DC15CC000943921 /* raptorslogonogear.png */; };
		1EE4D4081DC15CC000943921 /* Orbitron-Black.ttf in Resources */ = {isa = PBXBuildFile; fileRef = 1EE4D4021DC15CC000943921 /* Orbitron-Black.ttf */; };
		1EE4D4091DC15CC000943921 /* Orbitron-Bold.ttf in Resources */ = {isa = PBXBuildFile; fileRef = 1EE4D4031DC15CC000943921 /* Orbitron-Bold.ttf */; };
		1EE4D40A1DC15CC000943921 /* Orbitron-Medium.ttf in Resources */ = {isa = PBXBuildFile; fileRef = 1EE4D4041DC15CC000943921 /* Orbitron-Medium.ttf */; };
		1EE4D40B1DC15CC000943921 /* Orbitron-Regular.ttf in Resources */ = {isa = PBXBuildFile; fileRef = 1EE4D4051DC15CC000943921 /* Orbitron-Regular.ttf */; };
		1EE4D40D1DC15D0000943921 /* Assets.xcassets in Resources */ = {isa = PBXBuildFile; fileRef = 1EE4D40C1DC15D0000943921 /* Assets.xcassets */; };
		1EE4D4371DC15DB600943921 /* InitialViewController.m in Sources */ = {isa = PBXBuildFile; fileRef = 1EE4D4361DC15DB600943921 /* InitialViewController.m */; };
/* End PBXBuildFile section */

/* Begin PBXContainerItemProxy section */
		1E7BE6251E248BCE00C40153 /* PBXContainerItemProxy */ = {
			isa = PBXContainerItemProxy;
			containerPortal = 1EE4D38C1DC15AE700943921 /* Project object */;
			proxyType = 1;
			remoteGlobalIDString = 1E7BE60E1E248BCD00C40153;
			remoteInfo = tvViewer;
		};
		1E7BE6301E248BCE00C40153 /* PBXContainerItemProxy */ = {
			isa = PBXContainerItemProxy;
			containerPortal = 1EE4D38C1DC15AE700943921 /* Project object */;
			proxyType = 1;
			remoteGlobalIDString = 1E7BE60E1E248BCD00C40153;
			remoteInfo = tvViewer;
		};
		1EE4D3AE1DC15AE800943921 /* PBXContainerItemProxy */ = {
			isa = PBXContainerItemProxy;
			containerPortal = 1EE4D38C1DC15AE700943921 /* Project object */;
			proxyType = 1;
			remoteGlobalIDString = 1EE4D3931DC15AE700943921;
			remoteInfo = frc1711;
		};
		1EE4D3B91DC15AE800943921 /* PBXContainerItemProxy */ = {
			isa = PBXContainerItemProxy;
			containerPortal = 1EE4D38C1DC15AE700943921 /* Project object */;
			proxyType = 1;
			remoteGlobalIDString = 1EE4D3931DC15AE700943921;
			remoteInfo = frc1711;
		};
/* End PBXContainerItemProxy section */

/* Begin PBXFileReference section */
		1E136B991DC8DA55005C8EA0 /* ATGradients.h */ = {isa = PBXFileReference; fileEncoding = 4; lastKnownFileType = sourcecode.c.h; path = ATGradients.h; sourceTree = "<group>"; };
		1E136B9A1DC8DA55005C8EA0 /* ATGradients.m */ = {isa = PBXFileReference; fileEncoding = 4; lastKnownFileType = sourcecode.c.objc; path = ATGradients.m; sourceTree = "<group>"; };
		1E136B9B1DC8DA55005C8EA0 /* ATColors.h */ = {isa = PBXFileReference; fileEncoding = 4; lastKnownFileType = sourcecode.c.h; path = ATColors.h; sourceTree = "<group>"; };
		1E136B9C1DC8DA55005C8EA0 /* ATColors.m */ = {isa = PBXFileReference; fileEncoding = 4; lastKnownFileType = sourcecode.c.objc; path = ATColors.m; sourceTree = "<group>"; };
		1E136BB11DC8E446005C8EA0 /* libsqlite3.dylib */ = {isa = PBXFileReference; lastKnownFileType = "compiled.mach-o.dylib"; name = libsqlite3.dylib; path = ../../../../../usr/lib/libsqlite3.dylib; sourceTree = "<group>"; };
		1E136BB21DC8E446005C8EA0 /* libz.1.dylib */ = {isa = PBXFileReference; lastKnownFileType = "compiled.mach-o.dylib"; name = libz.1.dylib; path = ../../../../../usr/lib/libz.1.dylib; sourceTree = "<group>"; };
		1E136BB31DC8E446005C8EA0 /* libicucore.A.dylib */ = {isa = PBXFileReference; lastKnownFileType = "compiled.mach-o.dylib"; name = libicucore.A.dylib; path = ../../../../../usr/lib/libicucore.A.dylib; sourceTree = "<group>"; };
		1E136BB41DC8E446005C8EA0 /* libc++.1.dylib */ = {isa = PBXFileReference; lastKnownFileType = "compiled.mach-o.dylib"; name = "libc++.1.dylib"; path = "../../../../../usr/lib/libc++.1.dylib"; sourceTree = "<group>"; };
		1E136BB51DC8E446005C8EA0 /* Accounts.framework */ = {isa = PBXFileReference; lastKnownFileType = wrapper.framework; name = Accounts.framework; path = System/Library/Frameworks/Accounts.framework; sourceTree = SDKROOT; };
		1E136BB61DC8E446005C8EA0 /* CoreData.framework */ = {isa = PBXFileReference; lastKnownFileType = wrapper.framework; name = CoreData.framework; path = System/Library/Frameworks/CoreData.framework; sourceTree = SDKROOT; };
		1E136BB71DC8E446005C8EA0 /* AddressBook.framework */ = {isa = PBXFileReference; lastKnownFileType = wrapper.framework; name = AddressBook.framework; path = System/Library/Frameworks/AddressBook.framework; sourceTree = SDKROOT; };
		1E136BB81DC8E446005C8EA0 /* SafariServices.framework */ = {isa = PBXFileReference; lastKnownFileType = wrapper.framework; name = SafariServices.framework; path = System/Library/Frameworks/SafariServices.framework; sourceTree = SDKROOT; };
		1E136BB91DC8E446005C8EA0 /* Bolts.framework */ = {isa = PBXFileReference; lastKnownFileType = wrapper.framework; name = Bolts.framework; path = "../CHS 2.0/Bolts.framework"; sourceTree = "<group>"; };
		1E136BBA1DC8E446005C8EA0 /* Parse.framework */ = {isa = PBXFileReference; lastKnownFileType = wrapper.framework; name = Parse.framework; path = "../CHS 2.0/Parse.framework"; sourceTree = "<group>"; };
		1E136BBB1DC8E446005C8EA0 /* ParseTwitterUtils.framework */ = {isa = PBXFileReference; lastKnownFileType = wrapper.framework; name = ParseTwitterUtils.framework; path = "../CHS 2.0/ParseTwitterUtils.framework"; sourceTree = "<group>"; };
		1E136BBC1DC8E446005C8EA0 /* ParseUI.framework */ = {isa = PBXFileReference; lastKnownFileType = wrapper.framework; name = ParseUI.framework; path = "../CHS 2.0/ParseUI.framework"; sourceTree = "<group>"; };
		1E136BD51DC8E4D8005C8EA0 /* Bolts.framework */ = {isa = PBXFileReference; lastKnownFileType = wrapper.framework; path = Bolts.framework; sourceTree = "<group>"; };
		1E136BD61DC8E4D8005C8EA0 /* Parse.framework */ = {isa = PBXFileReference; lastKnownFileType = wrapper.framework; path = Parse.framework; sourceTree = "<group>"; };
		1E136BD71DC8E4D8005C8EA0 /* ParseFacebookUtils.framework */ = {isa = PBXFileReference; lastKnownFileType = wrapper.framework; path = ParseFacebookUtils.framework; sourceTree = "<group>"; };
		1E136BD81DC8E4D8005C8EA0 /* ParseFacebookUtilsV4.framework */ = {isa = PBXFileReference; lastKnownFileType = wrapper.framework; path = ParseFacebookUtilsV4.framework; sourceTree = "<group>"; };
		1E136BD91DC8E4D8005C8EA0 /* ParseTwitterUtils.framework */ = {isa = PBXFileReference; lastKnownFileType = wrapper.framework; path = ParseTwitterUtils.framework; sourceTree = "<group>"; };
		1E136BDA1DC8E4D8005C8EA0 /* ParseUI.framework */ = {isa = PBXFileReference; lastKnownFileType = wrapper.framework; path = ParseUI.framework; sourceTree = "<group>"; };
		1E136BEA1DC8E561005C8EA0 /* MediaPlayer.framework */ = {isa = PBXFileReference; lastKnownFileType = wrapper.framework; name = MediaPlayer.framework; path = System/Library/Frameworks/MediaPlayer.framework; sourceTree = SDKROOT; };
		1E136BEB1DC8E561005C8EA0 /* CoreLocation.framework */ = {isa = PBXFileReference; lastKnownFileType = wrapper.framework; name = CoreLocation.framework; path = System/Library/Frameworks/CoreLocation.framework; sourceTree = SDKROOT; };
		1E136BEE1DC8E591005C8EA0 /* SinchVerification.framework */ = {isa = PBXFileReference; lastKnownFileType = wrapper.framework; path = SinchVerification.framework; sourceTree = "<group>"; };
		1E16AA431DC8E6FE0013B09D /* StoreKit.framework */ = {isa = PBXFileReference; lastKnownFileType = wrapper.framework; name = StoreKit.framework; path = System/Library/Frameworks/StoreKit.framework; sourceTree = SDKROOT; };
		1E16AA461DC8E70D0013B09D /* libz.tbd */ = {isa = PBXFileReference; lastKnownFileType = "sourcecode.text-based-dylib-definition"; name = libz.tbd; path = usr/lib/libz.tbd; sourceTree = SDKROOT; };
		1E16AA481DC8E7160013B09D /* libsqlite3.tbd */ = {isa = PBXFileReference; lastKnownFileType = "sourcecode.text-based-dylib-definition"; name = libsqlite3.tbd; path = usr/lib/libsqlite3.tbd; sourceTree = SDKROOT; };
		1E16AA4A1DC92CEA0013B09D /* HomeVC.h */ = {isa = PBXFileReference; fileEncoding = 4; lastKnownFileType = sourcecode.c.h; path = HomeVC.h; sourceTree = "<group>"; };
		1E16AA4B1DC92CEA0013B09D /* HomeVC.m */ = {isa = PBXFileReference; fileEncoding = 4; lastKnownFileType = sourcecode.c.objc; path = HomeVC.m; sourceTree = "<group>"; };
		1E16AA4D1DC92FD40013B09D /* AppConfigs.h */ = {isa = PBXFileReference; fileEncoding = 4; lastKnownFileType = sourcecode.c.h; path = AppConfigs.h; sourceTree = "<group>"; };
		1E16AA4E1DC92FD40013B09D /* AppConfigs.m */ = {isa = PBXFileReference; fileEncoding = 4; lastKnownFileType = sourcecode.c.objc; path = AppConfigs.m; sourceTree = "<group>"; };
		1E16AA501DC934C50013B09D /* InConstructionVC.h */ = {isa = PBXFileReference; fileEncoding = 4; lastKnownFileType = sourcecode.c.h; path = InConstructionVC.h; sourceTree = "<group>"; };
		1E16AA511DC934C50013B09D /* InConstructionVC.m */ = {isa = PBXFileReference; fileEncoding = 4; lastKnownFileType = sourcecode.c.objc; path = InConstructionVC.m; sourceTree = "<group>"; };
		1E33E1111DD4B1DE00124910 /* ScoutingCell.h */ = {isa = PBXFileReference; fileEncoding = 4; lastKnownFileType = sourcecode.c.h; path = ScoutingCell.h; sourceTree = "<group>"; };
		1E33E1121DD4B1DE00124910 /* ScoutingCell.m */ = {isa = PBXFileReference; fileEncoding = 4; lastKnownFileType = sourcecode.c.objc; path = ScoutingCell.m; sourceTree = "<group>"; };
		1E33E1141DD4B21A00124910 /* ScoutingMatchView.h */ = {isa = PBXFileReference; fileEncoding = 4; lastKnownFileType = sourcecode.c.h; path = ScoutingMatchView.h; sourceTree = "<group>"; };
		1E33E1151DD4B21A00124910 /* ScoutingMatchView.m */ = {isa = PBXFileReference; fileEncoding = 4; lastKnownFileType = sourcecode.c.objc; path = ScoutingMatchView.m; sourceTree = "<group>"; };
		1E33E1171DD4B22600124910 /* ScoutingDetailView.h */ = {isa = PBXFileReference; fileEncoding = 4; lastKnownFileType = sourcecode.c.h; path = ScoutingDetailView.h; sourceTree = "<group>"; };
		1E33E1181DD4B22600124910 /* ScoutingDetailView.m */ = {isa = PBXFileReference; fileEncoding = 4; lastKnownFileType = sourcecode.c.objc; path = ScoutingDetailView.m; sourceTree = "<group>"; };
		1E37B8711DC8CA890048139D /* SignInVC.h */ = {isa = PBXFileReference; fileEncoding = 4; lastKnownFileType = sourcecode.c.h; path = SignInVC.h; sourceTree = "<group>"; };
		1E37B8721DC8CA890048139D /* SignInVC.m */ = {isa = PBXFileReference; fileEncoding = 4; lastKnownFileType = sourcecode.c.objc; path = SignInVC.m; sourceTree = "<group>"; usesTabs = 0; };
		1E42685A1E291FC200AA725F /* ParseDB.h */ = {isa = PBXFileReference; fileEncoding = 4; lastKnownFileType = sourcecode.c.h; path = ParseDB.h; sourceTree = "<group>"; };
		1E42685B1E291FC200AA725F /* ParseDB.m */ = {isa = PBXFileReference; fileEncoding = 4; lastKnownFileType = sourcecode.c.objc; path = ParseDB.m; sourceTree = "<group>"; };
		1E447E661DD226BC0045E23D /* GSScoutingTableVC.h */ = {isa = PBXFileReference; fileEncoding = 4; lastKnownFileType = sourcecode.c.h; path = GSScoutingTableVC.h; sourceTree = "<group>"; };
		1E447E671DD226BC0045E23D /* GSScoutingTableVC.m */ = {isa = PBXFileReference; fileEncoding = 4; lastKnownFileType = sourcecode.c.objc; path = GSScoutingTableVC.m; sourceTree = "<group>"; };
		1E447E691DD226F90045E23D /* FontInspector.h */ = {isa = PBXFileReference; fileEncoding = 4; lastKnownFileType = sourcecode.c.h; path = FontInspector.h; sourceTree = "<group>"; };
		1E447E6A1DD226F90045E23D /* FontInspector.m */ = {isa = PBXFileReference; fileEncoding = 4; lastKnownFileType = sourcecode.c.objc; path = FontInspector.m; sourceTree = "<group>"; };
		1E447E6B1DD226F90045E23D /* ionicons-codes.h */ = {isa = PBXFileReference; fileEncoding = 4; lastKnownFileType = sourcecode.c.h; path = "ionicons-codes.h"; sourceTree = "<group>"; };
		1E447E6C1DD226F90045E23D /* ionicons.bundle */ = {isa = PBXFileReference; lastKnownFileType = "wrapper.plug-in"; path = ionicons.bundle; sourceTree = "<group>"; };
		1E447E6D1DD226F90045E23D /* IonIcons.h */ = {isa = PBXFileReference; fileEncoding = 4; lastKnownFileType = sourcecode.c.h; path = IonIcons.h; sourceTree = "<group>"; };
		1E447E6E1DD226F90045E23D /* IonIcons.m */ = {isa = PBXFileReference; fileEncoding = 4; lastKnownFileType = sourcecode.c.objc; path = IonIcons.m; sourceTree = "<group>"; };
		1E447E6F1DD226F90045E23D /* ionicons.ttf */ = {isa = PBXFileReference; lastKnownFileType = file; path = ionicons.ttf; sourceTree = "<group>"; };
		1E447E741DD22A690045E23D /* GSScoutingCell.h */ = {isa = PBXFileReference; fileEncoding = 4; lastKnownFileType = sourcecode.c.h; path = GSScoutingCell.h; sourceTree = "<group>"; };
		1E447E751DD22A690045E23D /* GSScoutingCell.m */ = {isa = PBXFileReference; fileEncoding = 4; lastKnownFileType = sourcecode.c.objc; path = GSScoutingCell.m; sourceTree = "<group>"; };
		1E574C2A1DC7946A00889A15 /* construction.png */ = {isa = PBXFileReference; lastKnownFileType = image.png; path = construction.png; sourceTree = "<group>"; };
		1E60B3CB1DD6028C001147A6 /* MoreVC.m */ = {isa = PBXFileReference; fileEncoding = 4; lastKnownFileType = sourcecode.c.objc; path = MoreVC.m; sourceTree = "<group>"; };
		1E6DE5E51DF220CA002E2E98 /* frc1711.entitlements */ = {isa = PBXFileReference; lastKnownFileType = text.plist.entitlements; path = frc1711.entitlements; sourceTree = "<group>"; };
		1E7960211E29A8DF0020C781 /* DBAnalytics.h */ = {isa = PBXFileReference; fileEncoding = 4; lastKnownFileType = sourcecode.c.h; path = DBAnalytics.h; sourceTree = "<group>"; };
		1E7960221E29A8DF0020C781 /* DBAnalytics.m */ = {isa = PBXFileReference; fileEncoding = 4; lastKnownFileType = sourcecode.c.objc; path = DBAnalytics.m; sourceTree = "<group>"; };
		1E7BE60F1E248BCD00C40153 /* tvViewer.app */ = {isa = PBXFileReference; explicitFileType = wrapper.application; includeInIndex = 0; path = tvViewer.app; sourceTree = BUILT_PRODUCTS_DIR; };
		1E7BE6121E248BCD00C40153 /* main.m */ = {isa = PBXFileReference; lastKnownFileType = sourcecode.c.objc; path = main.m; sourceTree = "<group>"; };
		1E7BE6141E248BCD00C40153 /* AppDelegate.h */ = {isa = PBXFileReference; lastKnownFileType = sourcecode.c.h; path = AppDelegate.h; sourceTree = "<group>"; };
		1E7BE6151E248BCD00C40153 /* AppDelegate.m */ = {isa = PBXFileReference; lastKnownFileType = sourcecode.c.objc; path = AppDelegate.m; sourceTree = "<group>"; };
		1E7BE6171E248BCD00C40153 /* ViewController.h */ = {isa = PBXFileReference; lastKnownFileType = sourcecode.c.h; path = ViewController.h; sourceTree = "<group>"; };
		1E7BE6181E248BCD00C40153 /* ViewController.m */ = {isa = PBXFileReference; lastKnownFileType = sourcecode.c.objc; path = ViewController.m; sourceTree = "<group>"; };
		1E7BE61B1E248BCD00C40153 /* Base */ = {isa = PBXFileReference; lastKnownFileType = file.storyboard; name = Base; path = Base.lproj/Main.storyboard; sourceTree = "<group>"; };
		1E7BE61D1E248BCD00C40153 /* Assets.xcassets */ = {isa = PBXFileReference; lastKnownFileType = folder.assetcatalog; path = Assets.xcassets; sourceTree = "<group>"; };
		1E7BE61F1E248BCD00C40153 /* Info.plist */ = {isa = PBXFileReference; lastKnownFileType = text.plist.xml; path = Info.plist; sourceTree = "<group>"; };
		1E7BE6241E248BCD00C40153 /* tvViewerTests.xctest */ = {isa = PBXFileReference; explicitFileType = wrapper.cfbundle; includeInIndex = 0; path = tvViewerTests.xctest; sourceTree = BUILT_PRODUCTS_DIR; };
		1E7BE6281E248BCE00C40153 /* tvViewerTests.m */ = {isa = PBXFileReference; lastKnownFileType = sourcecode.c.objc; path = tvViewerTests.m; sourceTree = "<group>"; };
		1E7BE62A1E248BCE00C40153 /* Info.plist */ = {isa = PBXFileReference; lastKnownFileType = text.plist.xml; path = Info.plist; sourceTree = "<group>"; };
		1E7BE62F1E248BCE00C40153 /* tvViewerUITests.xctest */ = {isa = PBXFileReference; explicitFileType = wrapper.cfbundle; includeInIndex = 0; path = tvViewerUITests.xctest; sourceTree = BUILT_PRODUCTS_DIR; };
		1E7BE6331E248BCE00C40153 /* tvViewerUITests.m */ = {isa = PBXFileReference; lastKnownFileType = sourcecode.c.objc; path = tvViewerUITests.m; sourceTree = "<group>"; };
		1E7BE6351E248BCE00C40153 /* Info.plist */ = {isa = PBXFileReference; lastKnownFileType = text.plist.xml; path = Info.plist; sourceTree = "<group>"; };
		1EC275011DD3CE0C00355915 /* ScoutingTableVC.h */ = {isa = PBXFileReference; fileEncoding = 4; lastKnownFileType = sourcecode.c.h; path = ScoutingTableVC.h; sourceTree = "<group>"; };
		1EC275021DD3CE0C00355915 /* ScoutingTableVC.m */ = {isa = PBXFileReference; fileEncoding = 4; lastKnownFileType = sourcecode.c.objc; path = ScoutingTableVC.m; sourceTree = "<group>"; };
		1ECC67D81DCA396200868393 /* raptorseye.png */ = {isa = PBXFileReference; lastKnownFileType = image.png; path = raptorseye.png; sourceTree = "<group>"; };
		1ECC67DA1DCA39B700868393 /* circle.png */ = {isa = PBXFileReference; lastKnownFileType = image.png; path = circle.png; sourceTree = "<group>"; };
		1ED13A471DD272960031E85C /* GSScoutingDetailVC.h */ = {isa = PBXFileReference; fileEncoding = 4; lastKnownFileType = sourcecode.c.h; path = GSScoutingDetailVC.h; sourceTree = "<group>"; };
		1ED13A481DD272960031E85C /* GSScoutingDetailVC.m */ = {isa = PBXFileReference; fileEncoding = 4; lastKnownFileType = sourcecode.c.objc; path = GSScoutingDetailVC.m; sourceTree = "<group>"; };
		1EE4D3941DC15AE700943921 /* frc1711.app */ = {isa = PBXFileReference; explicitFileType = wrapper.application; includeInIndex = 0; path = frc1711.app; sourceTree = BUILT_PRODUCTS_DIR; };
		1EE4D3981DC15AE700943921 /* main.m */ = {isa = PBXFileReference; lastKnownFileType = sourcecode.c.objc; path = main.m; sourceTree = "<group>"; };
		1EE4D39A1DC15AE700943921 /* AppDelegate.h */ = {isa = PBXFileReference; lastKnownFileType = sourcecode.c.h; path = AppDelegate.h; sourceTree = "<group>"; };
		1EE4D39B1DC15AE700943921 /* AppDelegate.m */ = {isa = PBXFileReference; lastKnownFileType = sourcecode.c.objc; path = AppDelegate.m; sourceTree = "<group>"; };
		1EE4D3A11DC15AE700943921 /* Base */ = {isa = PBXFileReference; lastKnownFileType = file.storyboard; name = Base; path = Base.lproj/Main.storyboard; sourceTree = "<group>"; };
		1EE4D3A61DC15AE700943921 /* Base */ = {isa = PBXFileReference; lastKnownFileType = file.storyboard; name = Base; path = Base.lproj/LaunchScreen.storyboard; sourceTree = "<group>"; };
		1EE4D3A81DC15AE700943921 /* Info.plist */ = {isa = PBXFileReference; lastKnownFileType = text.plist.xml; path = Info.plist; sourceTree = "<group>"; };
		1EE4D3AD1DC15AE800943921 /* frc1711Tests.xctest */ = {isa = PBXFileReference; explicitFileType = wrapper.cfbundle; includeInIndex = 0; path = frc1711Tests.xctest; sourceTree = BUILT_PRODUCTS_DIR; };
		1EE4D3B11DC15AE800943921 /* frc1711Tests.m */ = {isa = PBXFileReference; lastKnownFileType = sourcecode.c.objc; path = frc1711Tests.m; sourceTree = "<group>"; };
		1EE4D3B31DC15AE800943921 /* Info.plist */ = {isa = PBXFileReference; lastKnownFileType = text.plist.xml; path = Info.plist; sourceTree = "<group>"; };
		1EE4D3B81DC15AE800943921 /* frc1711UITests.xctest */ = {isa = PBXFileReference; explicitFileType = wrapper.cfbundle; includeInIndex = 0; path = frc1711UITests.xctest; sourceTree = BUILT_PRODUCTS_DIR; };
		1EE4D3BC1DC15AE800943921 /* frc1711UITests.m */ = {isa = PBXFileReference; lastKnownFileType = sourcecode.c.objc; path = frc1711UITests.m; sourceTree = "<group>"; };
		1EE4D3BE1DC15AE800943921 /* Info.plist */ = {isa = PBXFileReference; lastKnownFileType = text.plist.xml; path = Info.plist; sourceTree = "<group>"; };
		1EE4D3CA1DC15B5F00943921 /* ATFRC.h */ = {isa = PBXFileReference; fileEncoding = 4; lastKnownFileType = sourcecode.c.h; path = ATFRC.h; sourceTree = "<group>"; };
		1EE4D3CB1DC15B5F00943921 /* ATFRC.m */ = {isa = PBXFileReference; fileEncoding = 4; lastKnownFileType = sourcecode.c.objc; path = ATFRC.m; sourceTree = "<group>"; };
		1EE4D3CC1DC15B5F00943921 /* ATFRCTeam.h */ = {isa = PBXFileReference; fileEncoding = 4; lastKnownFileType = sourcecode.c.h; path = ATFRCTeam.h; sourceTree = "<group>"; };
		1EE4D3CD1DC15B5F00943921 /* ATFRCTeam.m */ = {isa = PBXFileReference; fileEncoding = 4; lastKnownFileType = sourcecode.c.objc; path = ATFRCTeam.m; sourceTree = "<group>"; };
		1EE4D3CE1DC15B5F00943921 /* ATFRCEvent.h */ = {isa = PBXFileReference; fileEncoding = 4; lastKnownFileType = sourcecode.c.h; path = ATFRCEvent.h; sourceTree = "<group>"; };
		1EE4D3CF1DC15B5F00943921 /* ATFRCEvent.m */ = {isa = PBXFileReference; fileEncoding = 4; lastKnownFileType = sourcecode.c.objc; path = ATFRCEvent.m; sourceTree = "<group>"; };
		1EE4D3D01DC15B5F00943921 /* ATFRCMatch.h */ = {isa = PBXFileReference; fileEncoding = 4; lastKnownFileType = sourcecode.c.h; path = ATFRCMatch.h; sourceTree = "<group>"; };
		1EE4D3D11DC15B5F00943921 /* ATFRCMatch.m */ = {isa = PBXFileReference; fileEncoding = 4; lastKnownFileType = sourcecode.c.objc; path = ATFRCMatch.m; sourceTree = "<group>"; };
		1EE4D3D21DC15B5F00943921 /* ATFRCAwards.h */ = {isa = PBXFileReference; fileEncoding = 4; lastKnownFileType = sourcecode.c.h; path = ATFRCAwards.h; sourceTree = "<group>"; };
		1EE4D3D31DC15B5F00943921 /* ATFRCAwards.m */ = {isa = PBXFileReference; fileEncoding = 4; lastKnownFileType = sourcecode.c.objc; path = ATFRCAwards.m; sourceTree = "<group>"; };
		1EE4D3D41DC15B5F00943921 /* ATFRCMedia.h */ = {isa = PBXFileReference; fileEncoding = 4; lastKnownFileType = sourcecode.c.h; path = ATFRCMedia.h; sourceTree = "<group>"; };
		1EE4D3D51DC15B5F00943921 /* ATFRCMedia.m */ = {isa = PBXFileReference; fileEncoding = 4; lastKnownFileType = sourcecode.c.objc; path = ATFRCMedia.m; sourceTree = "<group>"; };
		1EE4D3D61DC15B5F00943921 /* ATFRCRobot.h */ = {isa = PBXFileReference; fileEncoding = 4; lastKnownFileType = sourcecode.c.h; path = ATFRCRobot.h; sourceTree = "<group>"; };
		1EE4D3D71DC15B5F00943921 /* ATFRCRobot.m */ = {isa = PBXFileReference; fileEncoding = 4; lastKnownFileType = sourcecode.c.objc; path = ATFRCRobot.m; sourceTree = "<group>"; };
		1EE4D3D81DC15B5F00943921 /* ATFRCRankings.h */ = {isa = PBXFileReference; fileEncoding = 4; lastKnownFileType = sourcecode.c.h; path = ATFRCRankings.h; sourceTree = "<group>"; };
		1EE4D3D91DC15B5F00943921 /* ATFRCRankings.m */ = {isa = PBXFileReference; fileEncoding = 4; lastKnownFileType = sourcecode.c.objc; path = ATFRCRankings.m; sourceTree = "<group>"; };
		1EE4D3E31DC15C2500943921 /* DatabaseViewController.h */ = {isa = PBXFileReference; fileEncoding = 4; lastKnownFileType = sourcecode.c.h; path = DatabaseViewController.h; sourceTree = "<group>"; };
		1EE4D3E41DC15C2500943921 /* DatabaseViewController.m */ = {isa = PBXFileReference; fileEncoding = 4; lastKnownFileType = sourcecode.c.objc; path = DatabaseViewController.m; sourceTree = "<group>"; };
		1EE4D3E51DC15C2500943921 /* AllEventsViewController.h */ = {isa = PBXFileReference; fileEncoding = 4; lastKnownFileType = sourcecode.c.h; path = AllEventsViewController.h; sourceTree = "<group>"; };
		1EE4D3E61DC15C2500943921 /* AllEventsViewController.m */ = {isa = PBXFileReference; fileEncoding = 4; lastKnownFileType = sourcecode.c.objc; path = AllEventsViewController.m; sourceTree = "<group>"; };
		1EE4D3E71DC15C2500943921 /* EventViewController.h */ = {isa = PBXFileReference; fileEncoding = 4; lastKnownFileType = sourcecode.c.h; path = EventViewController.h; sourceTree = "<group>"; };
		1EE4D3E81DC15C2500943921 /* EventViewController.m */ = {isa = PBXFileReference; fileEncoding = 4; lastKnownFileType = sourcecode.c.objc; path = EventViewController.m; sourceTree = "<group>"; };
		1EE4D3E91DC15C2500943921 /* AllTeamsViewController.h */ = {isa = PBXFileReference; fileEncoding = 4; lastKnownFileType = sourcecode.c.h; path = AllTeamsViewController.h; sourceTree = "<group>"; };
		1EE4D3EA1DC15C2500943921 /* AllTeamsViewController.m */ = {isa = PBXFileReference; fileEncoding = 4; lastKnownFileType = sourcecode.c.objc; path = AllTeamsViewController.m; sourceTree = "<group>"; };
		1EE4D3EB1DC15C2500943921 /* TeamViewController.h */ = {isa = PBXFileReference; fileEncoding = 4; lastKnownFileType = sourcecode.c.h; path = TeamViewController.h; sourceTree = "<group>"; };
		1EE4D3EC1DC15C2500943921 /* TeamViewController.m */ = {isa = PBXFileReference; fileEncoding = 4; lastKnownFileType = sourcecode.c.objc; path = TeamViewController.m; sourceTree = "<group>"; };
		1EE4D3ED1DC15C2500943921 /* CollectionViewCell.h */ = {isa = PBXFileReference; fileEncoding = 4; lastKnownFileType = sourcecode.c.h; path = CollectionViewCell.h; sourceTree = "<group>"; };
		1EE4D3EE1DC15C2500943921 /* CollectionViewCell.m */ = {isa = PBXFileReference; fileEncoding = 4; lastKnownFileType = sourcecode.c.objc; path = CollectionViewCell.m; sourceTree = "<group>"; };
		1EE4D3EF1DC15C2500943921 /* FavoritesTableViewController.h */ = {isa = PBXFileReference; fileEncoding = 4; lastKnownFileType = sourcecode.c.h; path = FavoritesTableViewController.h; sourceTree = "<group>"; };
		1EE4D3F01DC15C2500943921 /* FavoritesTableViewController.m */ = {isa = PBXFileReference; fileEncoding = 4; lastKnownFileType = sourcecode.c.objc; path = FavoritesTableViewController.m; sourceTree = "<group>"; };
		1EE4D3F11DC15C2500943921 /* RankingsTableViewController.h */ = {isa = PBXFileReference; fileEncoding = 4; lastKnownFileType = sourcecode.c.h; path = RankingsTableViewController.h; sourceTree = "<group>"; };
		1EE4D3F21DC15C2500943921 /* RankingsTableViewController.m */ = {isa = PBXFileReference; fileEncoding = 4; lastKnownFileType = sourcecode.c.objc; path = RankingsTableViewController.m; sourceTree = "<group>"; };
		1EE4D3F31DC15C2500943921 /* TableViewCell.h */ = {isa = PBXFileReference; fileEncoding = 4; lastKnownFileType = sourcecode.c.h; path = TableViewCell.h; sourceTree = "<group>"; };
		1EE4D3F41DC15C2500943921 /* TableViewCell.m */ = {isa = PBXFileReference; fileEncoding = 4; lastKnownFileType = sourcecode.c.objc; path = TableViewCell.m; sourceTree = "<group>"; };
		1EE4D4011DC15CC000943921 /* raptorslogonogear.png */ = {isa = PBXFileReference; lastKnownFileType = image.png; path = raptorslogonogear.png; sourceTree = "<group>"; };
		1EE4D4021DC15CC000943921 /* Orbitron-Black.ttf */ = {isa = PBXFileReference; lastKnownFileType = file; path = "Orbitron-Black.ttf"; sourceTree = "<group>"; };
		1EE4D4031DC15CC000943921 /* Orbitron-Bold.ttf */ = {isa = PBXFileReference; lastKnownFileType = file; path = "Orbitron-Bold.ttf"; sourceTree = "<group>"; };
		1EE4D4041DC15CC000943921 /* Orbitron-Medium.ttf */ = {isa = PBXFileReference; lastKnownFileType = file; path = "Orbitron-Medium.ttf"; sourceTree = "<group>"; };
		1EE4D4051DC15CC000943921 /* Orbitron-Regular.ttf */ = {isa = PBXFileReference; lastKnownFileType = file; path = "Orbitron-Regular.ttf"; sourceTree = "<group>"; };
		1EE4D40C1DC15D0000943921 /* Assets.xcassets */ = {isa = PBXFileReference; lastKnownFileType = folder.assetcatalog; path = Assets.xcassets; sourceTree = "<group>"; };
		1EE4D41D1DC15D1B00943921 /* MapKit.framework */ = {isa = PBXFileReference; lastKnownFileType = wrapper.framework; name = MapKit.framework; path = System/Library/Frameworks/MapKit.framework; sourceTree = SDKROOT; };
		1EE4D41E1DC15D1B00943921 /* libsqlite3.dylib */ = {isa = PBXFileReference; lastKnownFileType = "compiled.mach-o.dylib"; name = libsqlite3.dylib; path = usr/lib/libsqlite3.dylib; sourceTree = SDKROOT; };
		1EE4D41F1DC15D1B00943921 /* libz.dylib */ = {isa = PBXFileReference; lastKnownFileType = "compiled.mach-o.dylib"; name = libz.dylib; path = usr/lib/libz.dylib; sourceTree = SDKROOT; };
		1EE4D4201DC15D1B00943921 /* Security.framework */ = {isa = PBXFileReference; lastKnownFileType = wrapper.framework; name = Security.framework; path = System/Library/Frameworks/Security.framework; sourceTree = SDKROOT; };
		1EE4D4211DC15D1B00943921 /* QuartzCore.framework */ = {isa = PBXFileReference; lastKnownFileType = wrapper.framework; name = QuartzCore.framework; path = System/Library/Frameworks/QuartzCore.framework; sourceTree = SDKROOT; };
		1EE4D4221DC15D1B00943921 /* MobileCoreServices.framework */ = {isa = PBXFileReference; lastKnownFileType = wrapper.framework; name = MobileCoreServices.framework; path = System/Library/Frameworks/MobileCoreServices.framework; sourceTree = SDKROOT; };
		1EE4D4231DC15D1B00943921 /* CoreGraphics.framework */ = {isa = PBXFileReference; lastKnownFileType = wrapper.framework; name = CoreGraphics.framework; path = System/Library/Frameworks/CoreGraphics.framework; sourceTree = SDKROOT; };
		1EE4D4241DC15D1B00943921 /* CFNetwork.framework */ = {isa = PBXFileReference; lastKnownFileType = wrapper.framework; name = CFNetwork.framework; path = System/Library/Frameworks/CFNetwork.framework; sourceTree = SDKROOT; };
		1EE4D4251DC15D1B00943921 /* AudioToolbox.framework */ = {isa = PBXFileReference; lastKnownFileType = wrapper.framework; name = AudioToolbox.framework; path = System/Library/Frameworks/AudioToolbox.framework; sourceTree = SDKROOT; };
		1EE4D4261DC15D1B00943921 /* MessageUI.framework */ = {isa = PBXFileReference; lastKnownFileType = wrapper.framework; name = MessageUI.framework; path = System/Library/Frameworks/MessageUI.framework; sourceTree = SDKROOT; };
		1EE4D4271DC15D1B00943921 /* SystemConfiguration.framework */ = {isa = PBXFileReference; lastKnownFileType = wrapper.framework; name = SystemConfiguration.framework; path = System/Library/Frameworks/SystemConfiguration.framework; sourceTree = SDKROOT; };
		1EE4D4281DC15D1B00943921 /* Social.framework */ = {isa = PBXFileReference; lastKnownFileType = wrapper.framework; name = Social.framework; path = System/Library/Frameworks/Social.framework; sourceTree = SDKROOT; };
		1EE4D4351DC15DB600943921 /* InitialViewController.h */ = {isa = PBXFileReference; fileEncoding = 4; lastKnownFileType = sourcecode.c.h; path = InitialViewController.h; sourceTree = "<group>"; };
		1EE4D4361DC15DB600943921 /* InitialViewController.m */ = {isa = PBXFileReference; fileEncoding = 4; lastKnownFileType = sourcecode.c.objc; lineEnding = 0; path = InitialViewController.m; sourceTree = "<group>"; };
		1EE60DDE1DCA32200081040B /* MoreVC.h */ = {isa = PBXFileReference; fileEncoding = 4; lastKnownFileType = sourcecode.c.h; path = MoreVC.h; sourceTree = "<group>"; };
/* End PBXFileReference section */

/* Begin PBXFrameworksBuildPhase section */
		1E7BE60C1E248BCD00C40153 /* Frameworks */ = {
			isa = PBXFrameworksBuildPhase;
			buildActionMask = 2147483647;
			files = (
				1E7BE64E1E248C0D00C40153 /* MapKit.framework in Frameworks */,
				1E7BE64F1E248C0D00C40153 /* Security.framework in Frameworks */,
				1E7BE6501E248C0D00C40153 /* QuartzCore.framework in Frameworks */,
				1E7BE6511E248C0D00C40153 /* MobileCoreServices.framework in Frameworks */,
				1E7BE6521E248C0D00C40153 /* CoreGraphics.framework in Frameworks */,
				1E7BE6531E248C0D00C40153 /* CFNetwork.framework in Frameworks */,
				1E7BE6541E248C0D00C40153 /* AudioToolbox.framework in Frameworks */,
				1E7BE6551E248C0D00C40153 /* MessageUI.framework in Frameworks */,
				1E7BE6561E248C0D00C40153 /* SystemConfiguration.framework in Frameworks */,
				1E7BE6461E248C0600C40153 /* libsqlite3.dylib in Frameworks */,
				1E7BE6471E248C0600C40153 /* libz.1.dylib in Frameworks */,
				1E7BE6481E248C0600C40153 /* libicucore.A.dylib in Frameworks */,
				1E7BE6491E248C0600C40153 /* libc++.1.dylib in Frameworks */,
				1E7BE64A1E248C0600C40153 /* Accounts.framework in Frameworks */,
				1E7BE64B1E248C0600C40153 /* CoreData.framework in Frameworks */,
				1E7BE64C1E248C0600C40153 /* AddressBook.framework in Frameworks */,
				1E7BE64D1E248C0600C40153 /* SafariServices.framework in Frameworks */,
				1E7BE63F1E248BEB00C40153 /* SinchVerification.framework in Frameworks */,
				1E7BE6411E248BF200C40153 /* Parse.framework in Frameworks */,
				1E7BE6451E248BFD00C40153 /* ParseUI.framework in Frameworks */,
				1E7BE6421E248BF500C40153 /* ParseFacebookUtils.framework in Frameworks */,
				1E7BE6401E248BEE00C40153 /* Bolts.framework in Frameworks */,
				1E7BE6441E248BFA00C40153 /* ParseTwitterUtils.framework in Frameworks */,
				1E7BE6431E248BF700C40153 /* ParseFacebookUtilsV4.framework in Frameworks */,
			);
			runOnlyForDeploymentPostprocessing = 0;
		};
		1E7BE6211E248BCD00C40153 /* Frameworks */ = {
			isa = PBXFrameworksBuildPhase;
			buildActionMask = 2147483647;
			files = (
			);
			runOnlyForDeploymentPostprocessing = 0;
		};
		1E7BE62C1E248BCE00C40153 /* Frameworks */ = {
			isa = PBXFrameworksBuildPhase;
			buildActionMask = 2147483647;
			files = (
			);
			runOnlyForDeploymentPostprocessing = 0;
		};
		1EE4D3911DC15AE700943921 /* Frameworks */ = {
			isa = PBXFrameworksBuildPhase;
			buildActionMask = 2147483647;
			files = (
				1E16AA491DC8E7160013B09D /* libsqlite3.tbd in Frameworks */,
				1E16AA471DC8E70D0013B09D /* libz.tbd in Frameworks */,
				1E16AA451DC8E7050013B09D /* SystemConfiguration.framework in Frameworks */,
				1E16AA441DC8E6FF0013B09D /* StoreKit.framework in Frameworks */,
				1E16AA421DC8E6F90013B09D /* Security.framework in Frameworks */,
				1E16AA411DC8E6F20013B09D /* QuartzCore.framework in Frameworks */,
				1E16AA401DC8E6EB0013B09D /* CoreLocation.framework in Frameworks */,
				1E16AA3F1DC8E6E60013B09D /* CoreGraphics.framework in Frameworks */,
				1E16AA3E1DC8E6DF0013B09D /* CFNetwork.framework in Frameworks */,
				1E16AA3D1DC8E6D70013B09D /* AudioToolbox.framework in Frameworks */,
				1E136BEF1DC8E591005C8EA0 /* SinchVerification.framework in Frameworks */,
				1E136BE01DC8E4D9005C8EA0 /* ParseUI.framework in Frameworks */,
				1E136BDC1DC8E4D8005C8EA0 /* Parse.framework in Frameworks */,
				1E136BDB1DC8E4D8005C8EA0 /* Bolts.framework in Frameworks */,
				1E136BDE1DC8E4D8005C8EA0 /* ParseFacebookUtilsV4.framework in Frameworks */,
				1E136BDD1DC8E4D8005C8EA0 /* ParseFacebookUtils.framework in Frameworks */,
				1E136BDF1DC8E4D9005C8EA0 /* ParseTwitterUtils.framework in Frameworks */,
			);
			runOnlyForDeploymentPostprocessing = 0;
		};
		1EE4D3AA1DC15AE800943921 /* Frameworks */ = {
			isa = PBXFrameworksBuildPhase;
			buildActionMask = 2147483647;
			files = (
			);
			runOnlyForDeploymentPostprocessing = 0;
		};
		1EE4D3B51DC15AE800943921 /* Frameworks */ = {
			isa = PBXFrameworksBuildPhase;
			buildActionMask = 2147483647;
			files = (
			);
			runOnlyForDeploymentPostprocessing = 0;
		};
/* End PBXFrameworksBuildPhase section */

/* Begin PBXGroup section */
		1E16AA531DC9355A0013B09D /* Main Interface */ = {
			isa = PBXGroup;
			children = (
				1EE4D4351DC15DB600943921 /* InitialViewController.h */,
				1EE4D4361DC15DB600943921 /* InitialViewController.m */,
				1E16AA4A1DC92CEA0013B09D /* HomeVC.h */,
				1E16AA4B1DC92CEA0013B09D /* HomeVC.m */,
				1E37B8711DC8CA890048139D /* SignInVC.h */,
				1E37B8721DC8CA890048139D /* SignInVC.m */,
				1EE60DDE1DCA32200081040B /* MoreVC.h */,
				1E60B3CB1DD6028C001147A6 /* MoreVC.m */,
				1E16AA501DC934C50013B09D /* InConstructionVC.h */,
				1E16AA511DC934C50013B09D /* InConstructionVC.m */,
			);
			name = "Main Interface";
			sourceTree = "<group>";
		};
		1E16AA551DC9358A0013B09D /* Other Code */ = {
			isa = PBXGroup;
			children = (
				1E447E691DD226F90045E23D /* FontInspector.h */,
				1E447E6A1DD226F90045E23D /* FontInspector.m */,
				1E447E6B1DD226F90045E23D /* ionicons-codes.h */,
				1E447E6C1DD226F90045E23D /* ionicons.bundle */,
				1E447E6D1DD226F90045E23D /* IonIcons.h */,
				1E447E6E1DD226F90045E23D /* IonIcons.m */,
				1E447E6F1DD226F90045E23D /* ionicons.ttf */,
				1E16AA4D1DC92FD40013B09D /* AppConfigs.h */,
				1E16AA4E1DC92FD40013B09D /* AppConfigs.m */,
				1E136B991DC8DA55005C8EA0 /* ATGradients.h */,
				1E136B9A1DC8DA55005C8EA0 /* ATGradients.m */,
				1E136B9B1DC8DA55005C8EA0 /* ATColors.h */,
				1E136B9C1DC8DA55005C8EA0 /* ATColors.m */,
			);
			name = "Other Code";
			sourceTree = "<group>";
		};
		1E37B86A1DC8C02B0048139D /* Scouting */ = {
			isa = PBXGroup;
			children = (
				1EC275011DD3CE0C00355915 /* ScoutingTableVC.h */,
				1EC275021DD3CE0C00355915 /* ScoutingTableVC.m */,
				1E33E1141DD4B21A00124910 /* ScoutingMatchView.h */,
				1E33E1151DD4B21A00124910 /* ScoutingMatchView.m */,
				1E33E1171DD4B22600124910 /* ScoutingDetailView.h */,
				1E33E1181DD4B22600124910 /* ScoutingDetailView.m */,
				1E33E1111DD4B1DE00124910 /* ScoutingCell.h */,
				1E33E1121DD4B1DE00124910 /* ScoutingCell.m */,
			);
			name = Scouting;
			sourceTree = "<group>";
		};
		1E4268591E291ED600AA725F /* Parse Data */ = {
			isa = PBXGroup;
			children = (
				1E42685A1E291FC200AA725F /* ParseDB.h */,
				1E42685B1E291FC200AA725F /* ParseDB.m */,
				1E37B86A1DC8C02B0048139D /* Scouting */,
				1E574C211DC78BE600889A15 /* Ground Scouting */,
			);
			name = "Parse Data";
			sourceTree = "<group>";
		};
		1E574C211DC78BE600889A15 /* Ground Scouting */ = {
			isa = PBXGroup;
			children = (
				1E447E661DD226BC0045E23D /* GSScoutingTableVC.h */,
				1E447E671DD226BC0045E23D /* GSScoutingTableVC.m */,
				1ED13A471DD272960031E85C /* GSScoutingDetailVC.h */,
				1ED13A481DD272960031E85C /* GSScoutingDetailVC.m */,
				1E447E741DD22A690045E23D /* GSScoutingCell.h */,
				1E447E751DD22A690045E23D /* GSScoutingCell.m */,
			);
			name = "Ground Scouting";
			sourceTree = "<group>";
		};
		1E7960201E29A8CA0020C781 /* Analytics */ = {
			isa = PBXGroup;
			children = (
				1E7960211E29A8DF0020C781 /* DBAnalytics.h */,
				1E7960221E29A8DF0020C781 /* DBAnalytics.m */,
			);
			name = Analytics;
			sourceTree = "<group>";
		};
		1E7BE6101E248BCD00C40153 /* tvViewer */ = {
			isa = PBXGroup;
			children = (
				1E7BE6141E248BCD00C40153 /* AppDelegate.h */,
				1E7BE6151E248BCD00C40153 /* AppDelegate.m */,
				1E7BE6171E248BCD00C40153 /* ViewController.h */,
				1E7BE6181E248BCD00C40153 /* ViewController.m */,
				1E7BE61A1E248BCD00C40153 /* Main.storyboard */,
				1E7BE61D1E248BCD00C40153 /* Assets.xcassets */,
				1E7BE61F1E248BCD00C40153 /* Info.plist */,
				1E7BE6111E248BCD00C40153 /* Supporting Files */,
			);
			path = tvViewer;
			sourceTree = "<group>";
		};
		1E7BE6111E248BCD00C40153 /* Supporting Files */ = {
			isa = PBXGroup;
			children = (
				1E7BE6121E248BCD00C40153 /* main.m */,
			);
			name = "Supporting Files";
			sourceTree = "<group>";
		};
		1E7BE6271E248BCE00C40153 /* tvViewerTests */ = {
			isa = PBXGroup;
			children = (
				1E7BE6281E248BCE00C40153 /* tvViewerTests.m */,
				1E7BE62A1E248BCE00C40153 /* Info.plist */,
			);
			path = tvViewerTests;
			sourceTree = "<group>";
		};
		1E7BE6321E248BCE00C40153 /* tvViewerUITests */ = {
			isa = PBXGroup;
			children = (
				1E7BE6331E248BCE00C40153 /* tvViewerUITests.m */,
				1E7BE6351E248BCE00C40153 /* Info.plist */,
			);
			path = tvViewerUITests;
			sourceTree = "<group>";
		};
		1EE4D38B1DC15AE700943921 = {
			isa = PBXGroup;
			children = (
				1E136BEE1DC8E591005C8EA0 /* SinchVerification.framework */,
				1E136BD51DC8E4D8005C8EA0 /* Bolts.framework */,
				1E136BD61DC8E4D8005C8EA0 /* Parse.framework */,
				1E136BD71DC8E4D8005C8EA0 /* ParseFacebookUtils.framework */,
				1E136BD81DC8E4D8005C8EA0 /* ParseFacebookUtilsV4.framework */,
				1E136BD91DC8E4D8005C8EA0 /* ParseTwitterUtils.framework */,
				1E136BDA1DC8E4D8005C8EA0 /* ParseUI.framework */,
				1EE4D3961DC15AE700943921 /* frc1711 */,
				1EE4D3B01DC15AE800943921 /* frc1711Tests */,
				1EE4D3BB1DC15AE800943921 /* frc1711UITests */,
				1E7BE6101E248BCD00C40153 /* tvViewer */,
				1E7BE6271E248BCE00C40153 /* tvViewerTests */,
				1E7BE6321E248BCE00C40153 /* tvViewerUITests */,
				1EE4D3951DC15AE700943921 /* Products */,
				1EE4D41C1DC15D1B00943921 /* Frameworks */,
			);
			sourceTree = "<group>";
		};
		1EE4D3951DC15AE700943921 /* Products */ = {
			isa = PBXGroup;
			children = (
				1EE4D3941DC15AE700943921 /* frc1711.app */,
				1EE4D3AD1DC15AE800943921 /* frc1711Tests.xctest */,
				1EE4D3B81DC15AE800943921 /* frc1711UITests.xctest */,
				1E7BE60F1E248BCD00C40153 /* tvViewer.app */,
				1E7BE6241E248BCD00C40153 /* tvViewerTests.xctest */,
				1E7BE62F1E248BCE00C40153 /* tvViewerUITests.xctest */,
			);
			name = Products;
			sourceTree = "<group>";
		};
		1EE4D3961DC15AE700943921 /* frc1711 */ = {
			isa = PBXGroup;
			children = (
				1E6DE5E51DF220CA002E2E98 /* frc1711.entitlements */,
				1EE4D39A1DC15AE700943921 /* AppDelegate.h */,
				1EE4D39B1DC15AE700943921 /* AppDelegate.m */,
				1E7960201E29A8CA0020C781 /* Analytics */,
				1E4268591E291ED600AA725F /* Parse Data */,
				1EE4D3E21DC15B6200943921 /* ATFRC */,
				1E16AA531DC9355A0013B09D /* Main Interface */,
				1E16AA551DC9358A0013B09D /* Other Code */,
				1EE4D3A01DC15AE700943921 /* Main.storyboard */,
				1EE4D3A51DC15AE700943921 /* LaunchScreen.storyboard */,
				1EE4D3A81DC15AE700943921 /* Info.plist */,
				1EE4D40C1DC15D0000943921 /* Assets.xcassets */,
				1EE4D3971DC15AE700943921 /* Supporting Files */,
			);
			path = frc1711;
			sourceTree = "<group>";
		};
		1EE4D3971DC15AE700943921 /* Supporting Files */ = {
			isa = PBXGroup;
			children = (
				1E574C2A1DC7946A00889A15 /* construction.png */,
				1ECC67D81DCA396200868393 /* raptorseye.png */,
				1ECC67DA1DCA39B700868393 /* circle.png */,
				1EE4D4011DC15CC000943921 /* raptorslogonogear.png */,
				1EE4D4021DC15CC000943921 /* Orbitron-Black.ttf */,
				1EE4D4031DC15CC000943921 /* Orbitron-Bold.ttf */,
				1EE4D4041DC15CC000943921 /* Orbitron-Medium.ttf */,
				1EE4D4051DC15CC000943921 /* Orbitron-Regular.ttf */,
				1EE4D3981DC15AE700943921 /* main.m */,
			);
			name = "Supporting Files";
			sourceTree = "<group>";
		};
		1EE4D3B01DC15AE800943921 /* frc1711Tests */ = {
			isa = PBXGroup;
			children = (
				1EE4D3B11DC15AE800943921 /* frc1711Tests.m */,
				1EE4D3B31DC15AE800943921 /* Info.plist */,
			);
			path = frc1711Tests;
			sourceTree = "<group>";
		};
		1EE4D3BB1DC15AE800943921 /* frc1711UITests */ = {
			isa = PBXGroup;
			children = (
				1EE4D3BC1DC15AE800943921 /* frc1711UITests.m */,
				1EE4D3BE1DC15AE800943921 /* Info.plist */,
			);
			path = frc1711UITests;
			sourceTree = "<group>";
		};
		1EE4D3E21DC15B6200943921 /* ATFRC */ = {
			isa = PBXGroup;
			children = (
				1EE4D3FE1DC15C2A00943921 /* Interface */,
				1EE4D3FF1DC15C3200943921 /* API */,
			);
			name = ATFRC;
			path = ..;
			sourceTree = "<group>";
		};
		1EE4D3FE1DC15C2A00943921 /* Interface */ = {
			isa = PBXGroup;
			children = (
				1EE4D3E31DC15C2500943921 /* DatabaseViewController.h */,
				1EE4D3E41DC15C2500943921 /* DatabaseViewController.m */,
				1EE4D3E51DC15C2500943921 /* AllEventsViewController.h */,
				1EE4D3E61DC15C2500943921 /* AllEventsViewController.m */,
				1EE4D3E71DC15C2500943921 /* EventViewController.h */,
				1EE4D3E81DC15C2500943921 /* EventViewController.m */,
				1EE4D3E91DC15C2500943921 /* AllTeamsViewController.h */,
				1EE4D3EA1DC15C2500943921 /* AllTeamsViewController.m */,
				1EE4D3EB1DC15C2500943921 /* TeamViewController.h */,
				1EE4D3EC1DC15C2500943921 /* TeamViewController.m */,
				1EE4D3ED1DC15C2500943921 /* CollectionViewCell.h */,
				1EE4D3EE1DC15C2500943921 /* CollectionViewCell.m */,
				1EE4D3EF1DC15C2500943921 /* FavoritesTableViewController.h */,
				1EE4D3F01DC15C2500943921 /* FavoritesTableViewController.m */,
				1EE4D3F11DC15C2500943921 /* RankingsTableViewController.h */,
				1EE4D3F21DC15C2500943921 /* RankingsTableViewController.m */,
				1EE4D3F31DC15C2500943921 /* TableViewCell.h */,
				1EE4D3F41DC15C2500943921 /* TableViewCell.m */,
			);
			name = Interface;
			sourceTree = "<group>";
		};
		1EE4D3FF1DC15C3200943921 /* API */ = {
			isa = PBXGroup;
			children = (
				1EE4D3CA1DC15B5F00943921 /* ATFRC.h */,
				1EE4D3CB1DC15B5F00943921 /* ATFRC.m */,
				1EE4D3CC1DC15B5F00943921 /* ATFRCTeam.h */,
				1EE4D3CD1DC15B5F00943921 /* ATFRCTeam.m */,
				1EE4D3CE1DC15B5F00943921 /* ATFRCEvent.h */,
				1EE4D3CF1DC15B5F00943921 /* ATFRCEvent.m */,
				1EE4D3D01DC15B5F00943921 /* ATFRCMatch.h */,
				1EE4D3D11DC15B5F00943921 /* ATFRCMatch.m */,
				1EE4D3D21DC15B5F00943921 /* ATFRCAwards.h */,
				1EE4D3D31DC15B5F00943921 /* ATFRCAwards.m */,
				1EE4D3D41DC15B5F00943921 /* ATFRCMedia.h */,
				1EE4D3D51DC15B5F00943921 /* ATFRCMedia.m */,
				1EE4D3D61DC15B5F00943921 /* ATFRCRobot.h */,
				1EE4D3D71DC15B5F00943921 /* ATFRCRobot.m */,
				1EE4D3D81DC15B5F00943921 /* ATFRCRankings.h */,
				1EE4D3D91DC15B5F00943921 /* ATFRCRankings.m */,
			);
			name = API;
			sourceTree = "<group>";
		};
		1EE4D41C1DC15D1B00943921 /* Frameworks */ = {
			isa = PBXGroup;
			children = (
				1E16AA481DC8E7160013B09D /* libsqlite3.tbd */,
				1E16AA461DC8E70D0013B09D /* libz.tbd */,
				1E16AA431DC8E6FE0013B09D /* StoreKit.framework */,
				1E136BEA1DC8E561005C8EA0 /* MediaPlayer.framework */,
				1E136BEB1DC8E561005C8EA0 /* CoreLocation.framework */,
				1E136BB11DC8E446005C8EA0 /* libsqlite3.dylib */,
				1E136BB21DC8E446005C8EA0 /* libz.1.dylib */,
				1E136BB31DC8E446005C8EA0 /* libicucore.A.dylib */,
				1E136BB41DC8E446005C8EA0 /* libc++.1.dylib */,
				1E136BB51DC8E446005C8EA0 /* Accounts.framework */,
				1E136BB61DC8E446005C8EA0 /* CoreData.framework */,
				1E136BB71DC8E446005C8EA0 /* AddressBook.framework */,
				1E136BB81DC8E446005C8EA0 /* SafariServices.framework */,
				1E136BB91DC8E446005C8EA0 /* Bolts.framework */,
				1E136BBA1DC8E446005C8EA0 /* Parse.framework */,
				1E136BBB1DC8E446005C8EA0 /* ParseTwitterUtils.framework */,
				1E136BBC1DC8E446005C8EA0 /* ParseUI.framework */,
				1EE4D41D1DC15D1B00943921 /* MapKit.framework */,
				1EE4D41E1DC15D1B00943921 /* libsqlite3.dylib */,
				1EE4D41F1DC15D1B00943921 /* libz.dylib */,
				1EE4D4201DC15D1B00943921 /* Security.framework */,
				1EE4D4211DC15D1B00943921 /* QuartzCore.framework */,
				1EE4D4221DC15D1B00943921 /* MobileCoreServices.framework */,
				1EE4D4231DC15D1B00943921 /* CoreGraphics.framework */,
				1EE4D4241DC15D1B00943921 /* CFNetwork.framework */,
				1EE4D4251DC15D1B00943921 /* AudioToolbox.framework */,
				1EE4D4261DC15D1B00943921 /* MessageUI.framework */,
				1EE4D4271DC15D1B00943921 /* SystemConfiguration.framework */,
				1EE4D4281DC15D1B00943921 /* Social.framework */,
			);
			name = Frameworks;
			sourceTree = "<group>";
		};
/* End PBXGroup section */

/* Begin PBXNativeTarget section */
		1E7BE60E1E248BCD00C40153 /* tvViewer */ = {
			isa = PBXNativeTarget;
			buildConfigurationList = 1E7BE63C1E248BCE00C40153 /* Build configuration list for PBXNativeTarget "tvViewer" */;
			buildPhases = (
				1E7BE60B1E248BCD00C40153 /* Sources */,
				1E7BE60C1E248BCD00C40153 /* Frameworks */,
				1E7BE60D1E248BCD00C40153 /* Resources */,
			);
			buildRules = (
			);
			dependencies = (
			);
			name = tvViewer;
			productName = tvViewer;
			productReference = 1E7BE60F1E248BCD00C40153 /* tvViewer.app */;
			productType = "com.apple.product-type.application";
		};
		1E7BE6231E248BCD00C40153 /* tvViewerTests */ = {
			isa = PBXNativeTarget;
			buildConfigurationList = 1E7BE63D1E248BCE00C40153 /* Build configuration list for PBXNativeTarget "tvViewerTests" */;
			buildPhases = (
				1E7BE6201E248BCD00C40153 /* Sources */,
				1E7BE6211E248BCD00C40153 /* Frameworks */,
				1E7BE6221E248BCD00C40153 /* Resources */,
			);
			buildRules = (
			);
			dependencies = (
				1E7BE6261E248BCE00C40153 /* PBXTargetDependency */,
			);
			name = tvViewerTests;
			productName = tvViewerTests;
			productReference = 1E7BE6241E248BCD00C40153 /* tvViewerTests.xctest */;
			productType = "com.apple.product-type.bundle.unit-test";
		};
		1E7BE62E1E248BCE00C40153 /* tvViewerUITests */ = {
			isa = PBXNativeTarget;
			buildConfigurationList = 1E7BE63E1E248BCE00C40153 /* Build configuration list for PBXNativeTarget "tvViewerUITests" */;
			buildPhases = (
				1E7BE62B1E248BCE00C40153 /* Sources */,
				1E7BE62C1E248BCE00C40153 /* Frameworks */,
				1E7BE62D1E248BCE00C40153 /* Resources */,
			);
			buildRules = (
			);
			dependencies = (
				1E7BE6311E248BCE00C40153 /* PBXTargetDependency */,
			);
			name = tvViewerUITests;
			productName = tvViewerUITests;
			productReference = 1E7BE62F1E248BCE00C40153 /* tvViewerUITests.xctest */;
			productType = "com.apple.product-type.bundle.ui-testing";
		};
		1EE4D3931DC15AE700943921 /* frc1711 */ = {
			isa = PBXNativeTarget;
			buildConfigurationList = 1EE4D3C11DC15AE800943921 /* Build configuration list for PBXNativeTarget "frc1711" */;
			buildPhases = (
				1EE4D3901DC15AE700943921 /* Sources */,
				1EE4D3911DC15AE700943921 /* Frameworks */,
				1EE4D3921DC15AE700943921 /* Resources */,
			);
			buildRules = (
			);
			dependencies = (
			);
			name = frc1711;
			productName = frc1711;
			productReference = 1EE4D3941DC15AE700943921 /* frc1711.app */;
			productType = "com.apple.product-type.application";
		};
		1EE4D3AC1DC15AE800943921 /* frc1711Tests */ = {
			isa = PBXNativeTarget;
			buildConfigurationList = 1EE4D3C41DC15AE800943921 /* Build configuration list for PBXNativeTarget "frc1711Tests" */;
			buildPhases = (
				1EE4D3A91DC15AE800943921 /* Sources */,
				1EE4D3AA1DC15AE800943921 /* Frameworks */,
				1EE4D3AB1DC15AE800943921 /* Resources */,
			);
			buildRules = (
			);
			dependencies = (
				1EE4D3AF1DC15AE800943921 /* PBXTargetDependency */,
			);
			name = frc1711Tests;
			productName = frc1711Tests;
			productReference = 1EE4D3AD1DC15AE800943921 /* frc1711Tests.xctest */;
			productType = "com.apple.product-type.bundle.unit-test";
		};
		1EE4D3B71DC15AE800943921 /* frc1711UITests */ = {
			isa = PBXNativeTarget;
			buildConfigurationList = 1EE4D3C71DC15AE800943921 /* Build configuration list for PBXNativeTarget "frc1711UITests" */;
			buildPhases = (
				1EE4D3B41DC15AE800943921 /* Sources */,
				1EE4D3B51DC15AE800943921 /* Frameworks */,
				1EE4D3B61DC15AE800943921 /* Resources */,
			);
			buildRules = (
			);
			dependencies = (
				1EE4D3BA1DC15AE800943921 /* PBXTargetDependency */,
			);
			name = frc1711UITests;
			productName = frc1711UITests;
			productReference = 1EE4D3B81DC15AE800943921 /* frc1711UITests.xctest */;
			productType = "com.apple.product-type.bundle.ui-testing";
		};
/* End PBXNativeTarget section */

/* Begin PBXProject section */
		1EE4D38C1DC15AE700943921 /* Project object */ = {
			isa = PBXProject;
			attributes = {
				LastUpgradeCheck = 0810;
				ORGANIZATIONNAME = "Apollo Technology";
				TargetAttributes = {
					1E7BE60E1E248BCD00C40153 = {
						CreatedOnToolsVersion = 8.2.1;
						DevelopmentTeam = 3XHW8FDBT3;
						ProvisioningStyle = Automatic;
					};
					1E7BE6231E248BCD00C40153 = {
						CreatedOnToolsVersion = 8.2.1;
						DevelopmentTeam = 3XHW8FDBT3;
						ProvisioningStyle = Automatic;
						TestTargetID = 1E7BE60E1E248BCD00C40153;
					};
					1E7BE62E1E248BCE00C40153 = {
						CreatedOnToolsVersion = 8.2.1;
						DevelopmentTeam = 3XHW8FDBT3;
						ProvisioningStyle = Automatic;
						TestTargetID = 1E7BE60E1E248BCD00C40153;
					};
					1EE4D3931DC15AE700943921 = {
						CreatedOnToolsVersion = 8.0;
						DevelopmentTeam = 3XHW8FDBT3;
						ProvisioningStyle = Automatic;
						SystemCapabilities = {
							com.apple.Push = {
								enabled = 1;
							};
						};
					};
					1EE4D3AC1DC15AE800943921 = {
						CreatedOnToolsVersion = 8.0;
						DevelopmentTeam = 3XHW8FDBT3;
						ProvisioningStyle = Automatic;
						TestTargetID = 1EE4D3931DC15AE700943921;
					};
					1EE4D3B71DC15AE800943921 = {
						CreatedOnToolsVersion = 8.0;
						DevelopmentTeam = 3XHW8FDBT3;
						ProvisioningStyle = Automatic;
						TestTargetID = 1EE4D3931DC15AE700943921;
					};
				};
			};
			buildConfigurationList = 1EE4D38F1DC15AE700943921 /* Build configuration list for PBXProject "frc1711" */;
			compatibilityVersion = "Xcode 3.2";
			developmentRegion = English;
			hasScannedForEncodings = 0;
			knownRegions = (
				en,
				Base,
			);
			mainGroup = 1EE4D38B1DC15AE700943921;
			productRefGroup = 1EE4D3951DC15AE700943921 /* Products */;
			projectDirPath = "";
			projectRoot = "";
			targets = (
				1EE4D3931DC15AE700943921 /* frc1711 */,
				1EE4D3AC1DC15AE800943921 /* frc1711Tests */,
				1EE4D3B71DC15AE800943921 /* frc1711UITests */,
				1E7BE60E1E248BCD00C40153 /* tvViewer */,
				1E7BE6231E248BCD00C40153 /* tvViewerTests */,
				1E7BE62E1E248BCE00C40153 /* tvViewerUITests */,
			);
		};
/* End PBXProject section */

/* Begin PBXResourcesBuildPhase section */
		1E7BE60D1E248BCD00C40153 /* Resources */ = {
			isa = PBXResourcesBuildPhase;
			buildActionMask = 2147483647;
			files = (
				1E7BE6591E248C3A00C40153 /* raptorslogonogear.png in Resources */,
				1E7BE6581E248C3400C40153 /* raptorseye.png in Resources */,
				1E7BE65B1E248C4400C40153 /* Orbitron-Bold.ttf in Resources */,
				1E7BE61E1E248BCD00C40153 /* Assets.xcassets in Resources */,
				1E7BE65A1E248C4200C40153 /* Orbitron-Black.ttf in Resources */,
				1E7BE65C1E248C4700C40153 /* Orbitron-Medium.ttf in Resources */,
				1E7BE65D1E248C4900C40153 /* Orbitron-Regular.ttf in Resources */,
				1E7BE61C1E248BCD00C40153 /* Main.storyboard in Resources */,
			);
			runOnlyForDeploymentPostprocessing = 0;
		};
		1E7BE6221E248BCD00C40153 /* Resources */ = {
			isa = PBXResourcesBuildPhase;
			buildActionMask = 2147483647;
			files = (
			);
			runOnlyForDeploymentPostprocessing = 0;
		};
		1E7BE62D1E248BCE00C40153 /* Resources */ = {
			isa = PBXResourcesBuildPhase;
			buildActionMask = 2147483647;
			files = (
			);
			runOnlyForDeploymentPostprocessing = 0;
		};
		1EE4D3921DC15AE700943921 /* Resources */ = {
			isa = PBXResourcesBuildPhase;
			buildActionMask = 2147483647;
			files = (
				1E447E731DD226F90045E23D /* ionicons.ttf in Resources */,
				1EE4D40B1DC15CC000943921 /* Orbitron-Regular.ttf in Resources */,
				1EE4D3A71DC15AE700943921 /* LaunchScreen.storyboard in Resources */,
				1EE4D4071DC15CC000943921 /* raptorslogonogear.png in Resources */,
				1EE4D4081DC15CC000943921 /* Orbitron-Black.ttf in Resources */,
				1ECC67DB1DCA39B700868393 /* circle.png in Resources */,
				1ECC67D91DCA396200868393 /* raptorseye.png in Resources */,
				1EE4D40A1DC15CC000943921 /* Orbitron-Medium.ttf in Resources */,
				1EE4D3A21DC15AE700943921 /* Main.storyboard in Resources */,
				1EE4D4091DC15CC000943921 /* Orbitron-Bold.ttf in Resources */,
				1E447E711DD226F90045E23D /* ionicons.bundle in Resources */,
				1EE4D40D1DC15D0000943921 /* Assets.xcassets in Resources */,
				1E574C2B1DC7946A00889A15 /* construction.png in Resources */,
			);
			runOnlyForDeploymentPostprocessing = 0;
		};
		1EE4D3AB1DC15AE800943921 /* Resources */ = {
			isa = PBXResourcesBuildPhase;
			buildActionMask = 2147483647;
			files = (
			);
			runOnlyForDeploymentPostprocessing = 0;
		};
		1EE4D3B61DC15AE800943921 /* Resources */ = {
			isa = PBXResourcesBuildPhase;
			buildActionMask = 2147483647;
			files = (
			);
			runOnlyForDeploymentPostprocessing = 0;
		};
/* End PBXResourcesBuildPhase section */

/* Begin PBXSourcesBuildPhase section */
		1E7BE60B1E248BCD00C40153 /* Sources */ = {
			isa = PBXSourcesBuildPhase;
			buildActionMask = 2147483647;
			files = (
				1E7BE6191E248BCD00C40153 /* ViewController.m in Sources */,
				1E7BE6161E248BCD00C40153 /* AppDelegate.m in Sources */,
				1E7BE6131E248BCD00C40153 /* main.m in Sources */,
			);
			runOnlyForDeploymentPostprocessing = 0;
		};
		1E7BE6201E248BCD00C40153 /* Sources */ = {
			isa = PBXSourcesBuildPhase;
			buildActionMask = 2147483647;
			files = (
				1E7BE6291E248BCE00C40153 /* tvViewerTests.m in Sources */,
			);
			runOnlyForDeploymentPostprocessing = 0;
		};
		1E7BE62B1E248BCE00C40153 /* Sources */ = {
			isa = PBXSourcesBuildPhase;
			buildActionMask = 2147483647;
			files = (
				1E7BE6341E248BCE00C40153 /* tvViewerUITests.m in Sources */,
			);
			runOnlyForDeploymentPostprocessing = 0;
		};
		1EE4D3901DC15AE700943921 /* Sources */ = {
			isa = PBXSourcesBuildPhase;
			buildActionMask = 2147483647;
			files = (
				1EE4D3DB1DC15B5F00943921 /* ATFRCTeam.m in Sources */,
				1E33E1131DD4B1DE00124910 /* ScoutingCell.m in Sources */,
				1ED13A491DD272960031E85C /* GSScoutingDetailVC.m in Sources */,
				1EE4D3FC1DC15C2500943921 /* RankingsTableViewController.m in Sources */,
				1EE4D3E11DC15B5F00943921 /* ATFRCRankings.m in Sources */,
				1E447E761DD22A690045E23D /* GSScoutingCell.m in Sources */,
				1EE4D3F71DC15C2500943921 /* EventViewController.m in Sources */,
				1E16AA521DC934C50013B09D /* InConstructionVC.m in Sources */,
				1EE4D3DE1DC15B5F00943921 /* ATFRCAwards.m in Sources */,
				1EE4D3F91DC15C2500943921 /* TeamViewController.m in Sources */,
				1E136B9E1DC8DA55005C8EA0 /* ATColors.m in Sources */,
				1EE4D3E01DC15B5F00943921 /* ATFRCRobot.m in Sources */,
				1E42685C1E291FC200AA725F /* ParseDB.m in Sources */,
				1EE4D3F61DC15C2500943921 /* AllEventsViewController.m in Sources */,
				1E7960231E29A8DF0020C781 /* DBAnalytics.m in Sources */,
				1EE4D3DD1DC15B5F00943921 /* ATFRCMatch.m in Sources */,
				1EE4D3FA1DC15C2500943921 /* CollectionViewCell.m in Sources */,
				1E447E721DD226F90045E23D /* IonIcons.m in Sources */,
				1EE4D39C1DC15AE700943921 /* AppDelegate.m in Sources */,
				1E447E701DD226F90045E23D /* FontInspector.m in Sources */,
				1E37B8731DC8CA890048139D /* SignInVC.m in Sources */,
				1EE4D4371DC15DB600943921 /* InitialViewController.m in Sources */,
				1E16AA4F1DC92FD40013B09D /* AppConfigs.m in Sources */,
				1EE4D3DF1DC15B5F00943921 /* ATFRCMedia.m in Sources */,
				1E60B3CC1DD6028C001147A6 /* MoreVC.m in Sources */,
				1E447E681DD226BC0045E23D /* GSScoutingTableVC.m in Sources */,
				1EE4D3FD1DC15C2500943921 /* TableViewCell.m in Sources */,
				1EE4D3DC1DC15B5F00943921 /* ATFRCEvent.m in Sources */,
				1EE4D3F81DC15C2500943921 /* AllTeamsViewController.m in Sources */,
				1E16AA4C1DC92CEA0013B09D /* HomeVC.m in Sources */,
				1EE4D3DA1DC15B5F00943921 /* ATFRC.m in Sources */,
				1E33E1191DD4B22600124910 /* ScoutingDetailView.m in Sources */,
				1EE4D3FB1DC15C2500943921 /* FavoritesTableViewController.m in Sources */,
				1EE4D3991DC15AE700943921 /* main.m in Sources */,
				1EC275031DD3CE0C00355915 /* ScoutingTableVC.m in Sources */,
				1EE4D3F51DC15C2500943921 /* DatabaseViewController.m in Sources */,
				1E33E1161DD4B21A00124910 /* ScoutingMatchView.m in Sources */,
				1E136B9D1DC8DA55005C8EA0 /* ATGradients.m in Sources */,
			);
			runOnlyForDeploymentPostprocessing = 0;
		};
		1EE4D3A91DC15AE800943921 /* Sources */ = {
			isa = PBXSourcesBuildPhase;
			buildActionMask = 2147483647;
			files = (
				1EE4D3B21DC15AE800943921 /* frc1711Tests.m in Sources */,
			);
			runOnlyForDeploymentPostprocessing = 0;
		};
		1EE4D3B41DC15AE800943921 /* Sources */ = {
			isa = PBXSourcesBuildPhase;
			buildActionMask = 2147483647;
			files = (
				1EE4D3BD1DC15AE800943921 /* frc1711UITests.m in Sources */,
			);
			runOnlyForDeploymentPostprocessing = 0;
		};
/* End PBXSourcesBuildPhase section */

/* Begin PBXTargetDependency section */
		1E7BE6261E248BCE00C40153 /* PBXTargetDependency */ = {
			isa = PBXTargetDependency;
			target = 1E7BE60E1E248BCD00C40153 /* tvViewer */;
			targetProxy = 1E7BE6251E248BCE00C40153 /* PBXContainerItemProxy */;
		};
		1E7BE6311E248BCE00C40153 /* PBXTargetDependency */ = {
			isa = PBXTargetDependency;
			target = 1E7BE60E1E248BCD00C40153 /* tvViewer */;
			targetProxy = 1E7BE6301E248BCE00C40153 /* PBXContainerItemProxy */;
		};
		1EE4D3AF1DC15AE800943921 /* PBXTargetDependency */ = {
			isa = PBXTargetDependency;
			target = 1EE4D3931DC15AE700943921 /* frc1711 */;
			targetProxy = 1EE4D3AE1DC15AE800943921 /* PBXContainerItemProxy */;
		};
		1EE4D3BA1DC15AE800943921 /* PBXTargetDependency */ = {
			isa = PBXTargetDependency;
			target = 1EE4D3931DC15AE700943921 /* frc1711 */;
			targetProxy = 1EE4D3B91DC15AE800943921 /* PBXContainerItemProxy */;
		};
/* End PBXTargetDependency section */

/* Begin PBXVariantGroup section */
		1E7BE61A1E248BCD00C40153 /* Main.storyboard */ = {
			isa = PBXVariantGroup;
			children = (
				1E7BE61B1E248BCD00C40153 /* Base */,
			);
			name = Main.storyboard;
			sourceTree = "<group>";
		};
		1EE4D3A01DC15AE700943921 /* Main.storyboard */ = {
			isa = PBXVariantGroup;
			children = (
				1EE4D3A11DC15AE700943921 /* Base */,
			);
			name = Main.storyboard;
			sourceTree = "<group>";
		};
		1EE4D3A51DC15AE700943921 /* LaunchScreen.storyboard */ = {
			isa = PBXVariantGroup;
			children = (
				1EE4D3A61DC15AE700943921 /* Base */,
			);
			name = LaunchScreen.storyboard;
			sourceTree = "<group>";
		};
/* End PBXVariantGroup section */

/* Begin XCBuildConfiguration section */
		1E7BE6361E248BCE00C40153 /* Debug */ = {
			isa = XCBuildConfiguration;
			buildSettings = {
				ASSETCATALOG_COMPILER_APPICON_NAME = "App Icon & Top Shelf Image";
				ASSETCATALOG_COMPILER_LAUNCHIMAGE_NAME = LaunchImage;
				DEVELOPMENT_TEAM = 3XHW8FDBT3;
				FRAMEWORK_SEARCH_PATHS = (
					"$(inherited)",
					"$(PROJECT_DIR)",
				);
				INFOPLIST_FILE = tvViewer/Info.plist;
				LD_RUNPATH_SEARCH_PATHS = "$(inherited) @executable_path/Frameworks";
				PRODUCT_BUNDLE_IDENTIFIER = com.ApolloTechnology.tvViewer;
				PRODUCT_NAME = "$(TARGET_NAME)";
				SDKROOT = appletvos;
				TARGETED_DEVICE_FAMILY = 3;
				TVOS_DEPLOYMENT_TARGET = 10.0;
			};
			name = Debug;
		};
		1E7BE6371E248BCE00C40153 /* Release */ = {
			isa = XCBuildConfiguration;
			buildSettings = {
				ASSETCATALOG_COMPILER_APPICON_NAME = "App Icon & Top Shelf Image";
				ASSETCATALOG_COMPILER_LAUNCHIMAGE_NAME = LaunchImage;
				DEVELOPMENT_TEAM = 3XHW8FDBT3;
				FRAMEWORK_SEARCH_PATHS = (
					"$(inherited)",
					"$(PROJECT_DIR)",
				);
				INFOPLIST_FILE = tvViewer/Info.plist;
				LD_RUNPATH_SEARCH_PATHS = "$(inherited) @executable_path/Frameworks";
				PRODUCT_BUNDLE_IDENTIFIER = com.ApolloTechnology.tvViewer;
				PRODUCT_NAME = "$(TARGET_NAME)";
				SDKROOT = appletvos;
				TARGETED_DEVICE_FAMILY = 3;
				TVOS_DEPLOYMENT_TARGET = 10.0;
			};
			name = Release;
		};
		1E7BE6381E248BCE00C40153 /* Debug */ = {
			isa = XCBuildConfiguration;
			buildSettings = {
				BUNDLE_LOADER = "$(TEST_HOST)";
				DEVELOPMENT_TEAM = 3XHW8FDBT3;
				INFOPLIST_FILE = tvViewerTests/Info.plist;
				LD_RUNPATH_SEARCH_PATHS = "$(inherited) @executable_path/Frameworks @loader_path/Frameworks";
				PRODUCT_BUNDLE_IDENTIFIER = com.ApolloTechnology.tvViewerTests;
				PRODUCT_NAME = "$(TARGET_NAME)";
				SDKROOT = appletvos;
				TEST_HOST = "$(BUILT_PRODUCTS_DIR)/tvViewer.app/tvViewer";
				TVOS_DEPLOYMENT_TARGET = 10.1;
			};
			name = Debug;
		};
		1E7BE6391E248BCE00C40153 /* Release */ = {
			isa = XCBuildConfiguration;
			buildSettings = {
				BUNDLE_LOADER = "$(TEST_HOST)";
				DEVELOPMENT_TEAM = 3XHW8FDBT3;
				INFOPLIST_FILE = tvViewerTests/Info.plist;
				LD_RUNPATH_SEARCH_PATHS = "$(inherited) @executable_path/Frameworks @loader_path/Frameworks";
				PRODUCT_BUNDLE_IDENTIFIER = com.ApolloTechnology.tvViewerTests;
				PRODUCT_NAME = "$(TARGET_NAME)";
				SDKROOT = appletvos;
				TEST_HOST = "$(BUILT_PRODUCTS_DIR)/tvViewer.app/tvViewer";
				TVOS_DEPLOYMENT_TARGET = 10.1;
			};
			name = Release;
		};
		1E7BE63A1E248BCE00C40153 /* Debug */ = {
			isa = XCBuildConfiguration;
			buildSettings = {
				DEVELOPMENT_TEAM = 3XHW8FDBT3;
				INFOPLIST_FILE = tvViewerUITests/Info.plist;
				LD_RUNPATH_SEARCH_PATHS = "$(inherited) @executable_path/Frameworks @loader_path/Frameworks";
				PRODUCT_BUNDLE_IDENTIFIER = com.ApolloTechnology.tvViewerUITests;
				PRODUCT_NAME = "$(TARGET_NAME)";
				SDKROOT = appletvos;
				TEST_TARGET_NAME = tvViewer;
				TVOS_DEPLOYMENT_TARGET = 10.1;
			};
			name = Debug;
		};
		1E7BE63B1E248BCE00C40153 /* Release */ = {
			isa = XCBuildConfiguration;
			buildSettings = {
				DEVELOPMENT_TEAM = 3XHW8FDBT3;
				INFOPLIST_FILE = tvViewerUITests/Info.plist;
				LD_RUNPATH_SEARCH_PATHS = "$(inherited) @executable_path/Frameworks @loader_path/Frameworks";
				PRODUCT_BUNDLE_IDENTIFIER = com.ApolloTechnology.tvViewerUITests;
				PRODUCT_NAME = "$(TARGET_NAME)";
				SDKROOT = appletvos;
				TEST_TARGET_NAME = tvViewer;
				TVOS_DEPLOYMENT_TARGET = 10.1;
			};
			name = Release;
		};
		1EE4D3BF1DC15AE800943921 /* Debug */ = {
			isa = XCBuildConfiguration;
			buildSettings = {
				ALWAYS_SEARCH_USER_PATHS = NO;
				CLANG_ANALYZER_NONNULL = YES;
				CLANG_CXX_LANGUAGE_STANDARD = "gnu++0x";
				CLANG_CXX_LIBRARY = "libc++";
				CLANG_ENABLE_MODULES = YES;
				CLANG_ENABLE_OBJC_ARC = YES;
				CLANG_WARN_BOOL_CONVERSION = YES;
				CLANG_WARN_CONSTANT_CONVERSION = YES;
				CLANG_WARN_DIRECT_OBJC_ISA_USAGE = YES_ERROR;
				CLANG_WARN_DOCUMENTATION_COMMENTS = YES;
				CLANG_WARN_EMPTY_BODY = YES;
				CLANG_WARN_ENUM_CONVERSION = YES;
				CLANG_WARN_INFINITE_RECURSION = YES;
				CLANG_WARN_INT_CONVERSION = YES;
				CLANG_WARN_OBJC_ROOT_CLASS = YES_ERROR;
				CLANG_WARN_SUSPICIOUS_MOVE = YES;
				CLANG_WARN_SUSPICIOUS_MOVES = YES;
				CLANG_WARN_UNREACHABLE_CODE = YES;
				CLANG_WARN__DUPLICATE_METHOD_MATCH = YES;
				"CODE_SIGN_IDENTITY[sdk=iphoneos*]" = "iPhone Developer";
				COPY_PHASE_STRIP = NO;
				DEBUG_INFORMATION_FORMAT = dwarf;
				ENABLE_STRICT_OBJC_MSGSEND = YES;
				ENABLE_TESTABILITY = YES;
				GCC_C_LANGUAGE_STANDARD = gnu99;
				GCC_DYNAMIC_NO_PIC = NO;
				GCC_NO_COMMON_BLOCKS = YES;
				GCC_OPTIMIZATION_LEVEL = 0;
				GCC_PREPROCESSOR_DEFINITIONS = (
					"DEBUG=1",
					"$(inherited)",
				);
				GCC_WARN_64_TO_32_BIT_CONVERSION = YES;
				GCC_WARN_ABOUT_RETURN_TYPE = YES_ERROR;
				GCC_WARN_UNDECLARED_SELECTOR = YES;
				GCC_WARN_UNINITIALIZED_AUTOS = YES_AGGRESSIVE;
				GCC_WARN_UNUSED_FUNCTION = YES;
				GCC_WARN_UNUSED_VARIABLE = YES;
				IPHONEOS_DEPLOYMENT_TARGET = 10.0;
				MTL_ENABLE_DEBUG_INFO = YES;
				ONLY_ACTIVE_ARCH = YES;
				SDKROOT = iphoneos;
				TARGETED_DEVICE_FAMILY = "1,2";
			};
			name = Debug;
		};
		1EE4D3C01DC15AE800943921 /* Release */ = {
			isa = XCBuildConfiguration;
			buildSettings = {
				ALWAYS_SEARCH_USER_PATHS = NO;
				CLANG_ANALYZER_NONNULL = YES;
				CLANG_CXX_LANGUAGE_STANDARD = "gnu++0x";
				CLANG_CXX_LIBRARY = "libc++";
				CLANG_ENABLE_MODULES = YES;
				CLANG_ENABLE_OBJC_ARC = YES;
				CLANG_WARN_BOOL_CONVERSION = YES;
				CLANG_WARN_CONSTANT_CONVERSION = YES;
				CLANG_WARN_DIRECT_OBJC_ISA_USAGE = YES_ERROR;
				CLANG_WARN_DOCUMENTATION_COMMENTS = YES;
				CLANG_WARN_EMPTY_BODY = YES;
				CLANG_WARN_ENUM_CONVERSION = YES;
				CLANG_WARN_INFINITE_RECURSION = YES;
				CLANG_WARN_INT_CONVERSION = YES;
				CLANG_WARN_OBJC_ROOT_CLASS = YES_ERROR;
				CLANG_WARN_SUSPICIOUS_MOVE = YES;
				CLANG_WARN_SUSPICIOUS_MOVES = YES;
				CLANG_WARN_UNREACHABLE_CODE = YES;
				CLANG_WARN__DUPLICATE_METHOD_MATCH = YES;
				"CODE_SIGN_IDENTITY[sdk=iphoneos*]" = "iPhone Developer";
				COPY_PHASE_STRIP = NO;
				DEBUG_INFORMATION_FORMAT = "dwarf-with-dsym";
				ENABLE_NS_ASSERTIONS = NO;
				ENABLE_STRICT_OBJC_MSGSEND = YES;
				GCC_C_LANGUAGE_STANDARD = gnu99;
				GCC_NO_COMMON_BLOCKS = YES;
				GCC_WARN_64_TO_32_BIT_CONVERSION = YES;
				GCC_WARN_ABOUT_RETURN_TYPE = YES_ERROR;
				GCC_WARN_UNDECLARED_SELECTOR = YES;
				GCC_WARN_UNINITIALIZED_AUTOS = YES_AGGRESSIVE;
				GCC_WARN_UNUSED_FUNCTION = YES;
				GCC_WARN_UNUSED_VARIABLE = YES;
				IPHONEOS_DEPLOYMENT_TARGET = 10.0;
				MTL_ENABLE_DEBUG_INFO = NO;
				SDKROOT = iphoneos;
				TARGETED_DEVICE_FAMILY = "1,2";
				VALIDATE_PRODUCT = YES;
			};
			name = Release;
		};
		1EE4D3C21DC15AE800943921 /* Debug */ = {
			isa = XCBuildConfiguration;
			buildSettings = {
				ASSETCATALOG_COMPILER_APPICON_NAME = AppIcon;
				CODE_SIGN_ENTITLEMENTS = frc1711/frc1711.entitlements;
				"CODE_SIGN_IDENTITY[sdk=iphoneos*]" = "iPhone Developer";
				DEVELOPMENT_TEAM = 3XHW8FDBT3;
				ENABLE_BITCODE = NO;
				FRAMEWORK_SEARCH_PATHS = (
					"$(inherited)",
					"$(PROJECT_DIR)",
				);
				INFOPLIST_FILE = frc1711/Info.plist;
				IPHONEOS_DEPLOYMENT_TARGET = 9.0;
				LD_RUNPATH_SEARCH_PATHS = "$(inherited) @executable_path/Frameworks";
				PRODUCT_BUNDLE_IDENTIFIER = ApolloTech.frc1711;
				PRODUCT_NAME = "$(TARGET_NAME)";
				TARGETED_DEVICE_FAMILY = "1,2";
			};
			name = Debug;
		};
		1EE4D3C31DC15AE800943921 /* Release */ = {
			isa = XCBuildConfiguration;
			buildSettings = {
				ASSETCATALOG_COMPILER_APPICON_NAME = AppIcon;
				CODE_SIGN_ENTITLEMENTS = frc1711/frc1711.entitlements;
				"CODE_SIGN_IDENTITY[sdk=iphoneos*]" = "iPhone Developer";
				DEVELOPMENT_TEAM = 3XHW8FDBT3;
				ENABLE_BITCODE = NO;
				FRAMEWORK_SEARCH_PATHS = (
					"$(inherited)",
					"$(PROJECT_DIR)",
				);
				INFOPLIST_FILE = frc1711/Info.plist;
				IPHONEOS_DEPLOYMENT_TARGET = 9.0;
				LD_RUNPATH_SEARCH_PATHS = "$(inherited) @executable_path/Frameworks";
				PRODUCT_BUNDLE_IDENTIFIER = ApolloTech.frc1711;
				PRODUCT_NAME = "$(TARGET_NAME)";
				TARGETED_DEVICE_FAMILY = "1,2";
			};
			name = Release;
		};
		1EE4D3C51DC15AE800943921 /* Debug */ = {
			isa = XCBuildConfiguration;
			buildSettings = {
				BUNDLE_LOADER = "$(TEST_HOST)";
				DEVELOPMENT_TEAM = 3XHW8FDBT3;
				INFOPLIST_FILE = frc1711Tests/Info.plist;
				LD_RUNPATH_SEARCH_PATHS = "$(inherited) @executable_path/Frameworks @loader_path/Frameworks";
				PRODUCT_BUNDLE_IDENTIFIER = ApolloTech.frc1711Tests;
				PRODUCT_NAME = "$(TARGET_NAME)";
				TEST_HOST = "$(BUILT_PRODUCTS_DIR)/frc1711.app/frc1711";
			};
			name = Debug;
		};
		1EE4D3C61DC15AE800943921 /* Release */ = {
			isa = XCBuildConfiguration;
			buildSettings = {
				BUNDLE_LOADER = "$(TEST_HOST)";
				DEVELOPMENT_TEAM = 3XHW8FDBT3;
				INFOPLIST_FILE = frc1711Tests/Info.plist;
				LD_RUNPATH_SEARCH_PATHS = "$(inherited) @executable_path/Frameworks @loader_path/Frameworks";
				PRODUCT_BUNDLE_IDENTIFIER = ApolloTech.frc1711Tests;
				PRODUCT_NAME = "$(TARGET_NAME)";
				TEST_HOST = "$(BUILT_PRODUCTS_DIR)/frc1711.app/frc1711";
			};
			name = Release;
		};
		1EE4D3C81DC15AE800943921 /* Debug */ = {
			isa = XCBuildConfiguration;
			buildSettings = {
				DEVELOPMENT_TEAM = 3XHW8FDBT3;
				INFOPLIST_FILE = frc1711UITests/Info.plist;
				LD_RUNPATH_SEARCH_PATHS = "$(inherited) @executable_path/Frameworks @loader_path/Frameworks";
				PRODUCT_BUNDLE_IDENTIFIER = ApolloTech.frc1711UITests;
				PRODUCT_NAME = "$(TARGET_NAME)";
				TEST_TARGET_NAME = frc1711;
			};
			name = Debug;
		};
		1EE4D3C91DC15AE800943921 /* Release */ = {
			isa = XCBuildConfiguration;
			buildSettings = {
				DEVELOPMENT_TEAM = 3XHW8FDBT3;
				INFOPLIST_FILE = frc1711UITests/Info.plist;
				LD_RUNPATH_SEARCH_PATHS = "$(inherited) @executable_path/Frameworks @loader_path/Frameworks";
				PRODUCT_BUNDLE_IDENTIFIER = ApolloTech.frc1711UITests;
				PRODUCT_NAME = "$(TARGET_NAME)";
				TEST_TARGET_NAME = frc1711;
			};
			name = Release;
		};
/* End XCBuildConfiguration section */

/* Begin XCConfigurationList section */
		1E7BE63C1E248BCE00C40153 /* Build configuration list for PBXNativeTarget "tvViewer" */ = {
			isa = XCConfigurationList;
			buildConfigurations = (
				1E7BE6361E248BCE00C40153 /* Debug */,
				1E7BE6371E248BCE00C40153 /* Release */,
			);
			defaultConfigurationIsVisible = 0;
			defaultConfigurationName = Release;
		};
		1E7BE63D1E248BCE00C40153 /* Build configuration list for PBXNativeTarget "tvViewerTests" */ = {
			isa = XCConfigurationList;
			buildConfigurations = (
				1E7BE6381E248BCE00C40153 /* Debug */,
				1E7BE6391E248BCE00C40153 /* Release */,
			);
			defaultConfigurationIsVisible = 0;
			defaultConfigurationName = Release;
		};
		1E7BE63E1E248BCE00C40153 /* Build configuration list for PBXNativeTarget "tvViewerUITests" */ = {
			isa = XCConfigurationList;
			buildConfigurations = (
				1E7BE63A1E248BCE00C40153 /* Debug */,
				1E7BE63B1E248BCE00C40153 /* Release */,
			);
			defaultConfigurationIsVisible = 0;
			defaultConfigurationName = Release;
		};
		1EE4D38F1DC15AE700943921 /* Build configuration list for PBXProject "frc1711" */ = {
			isa = XCConfigurationList;
			buildConfigurations = (
				1EE4D3BF1DC15AE800943921 /* Debug */,
				1EE4D3C01DC15AE800943921 /* Release */,
			);
			defaultConfigurationIsVisible = 0;
			defaultConfigurationName = Release;
		};
		1EE4D3C11DC15AE800943921 /* Build configuration list for PBXNativeTarget "frc1711" */ = {
			isa = XCConfigurationList;
			buildConfigurations = (
				1EE4D3C21DC15AE800943921 /* Debug */,
				1EE4D3C31DC15AE800943921 /* Release */,
			);
			defaultConfigurationIsVisible = 0;
			defaultConfigurationName = Release;
		};
		1EE4D3C41DC15AE800943921 /* Build configuration list for PBXNativeTarget "frc1711Tests" */ = {
			isa = XCConfigurationList;
			buildConfigurations = (
				1EE4D3C51DC15AE800943921 /* Debug */,
				1EE4D3C61DC15AE800943921 /* Release */,
			);
			defaultConfigurationIsVisible = 0;
			defaultConfigurationName = Release;
		};
		1EE4D3C71DC15AE800943921 /* Build configuration list for PBXNativeTarget "frc1711UITests" */ = {
			isa = XCConfigurationList;
			buildConfigurations = (
				1EE4D3C81DC15AE800943921 /* Debug */,
				1EE4D3C91DC15AE800943921 /* Release */,
			);
			defaultConfigurationIsVisible = 0;
			defaultConfigurationName = Release;
		};
/* End XCConfigurationList section */
	};
	rootObject = 1EE4D38C1DC15AE700943921 /* Project object */;
}
